// !$*UTF8*$!
{
	archiveVersion = 1;
	classes = {
	};
	objectVersion = 50;
	objects = {

/* Begin PBXBuildFile section */
		19EBF2E31DE3DE42EF8E6591 /* Pods_Domain.framework in Frameworks */ = {isa = PBXBuildFile; fileRef = AEDE3B2B564DC823DCA51D49 /* Pods_Domain.framework */; };
		61893E2DF51DA3D291A08C4E /* Pods_NetworkPlatformTests.framework in Frameworks */ = {isa = PBXBuildFile; fileRef = 7922115DB700B6FFD8B7BB89 /* Pods_NetworkPlatformTests.framework */; };
		62D1E807C0994CA8E7934EC9 /* Pods_UpcomingMoviesTests.framework in Frameworks */ = {isa = PBXBuildFile; fileRef = AF18B08C6826D639F970B228 /* Pods_UpcomingMoviesTests.framework */; };
		759EE777A970360D3FD93B78 /* Pods_NetworkPlatform.framework in Frameworks */ = {isa = PBXBuildFile; fileRef = 6E0B61F62E69C4F6D62A002A /* Pods_NetworkPlatform.framework */; };
		7FD9A119219F64FE006B1CB3 /* AppDelegate.swift in Sources */ = {isa = PBXBuildFile; fileRef = 7FD9A118219F64FE006B1CB3 /* AppDelegate.swift */; };
		7FD9A11E219F64FE006B1CB3 /* Main.storyboard in Resources */ = {isa = PBXBuildFile; fileRef = 7FD9A11C219F64FE006B1CB3 /* Main.storyboard */; };
		7FD9A120219F6502006B1CB3 /* Assets.xcassets in Resources */ = {isa = PBXBuildFile; fileRef = 7FD9A11F219F6502006B1CB3 /* Assets.xcassets */; };
		7FD9A123219F6502006B1CB3 /* LaunchScreen.storyboard in Resources */ = {isa = PBXBuildFile; fileRef = 7FD9A121219F6502006B1CB3 /* LaunchScreen.storyboard */; };
		7FD9A12E219F6502006B1CB3 /* UpcomingMoviesTests.swift in Sources */ = {isa = PBXBuildFile; fileRef = 7FD9A12D219F6502006B1CB3 /* UpcomingMoviesTests.swift */; };
		7FD9A139219F6502006B1CB3 /* UpcomingMoviesUITests.swift in Sources */ = {isa = PBXBuildFile; fileRef = 7FD9A138219F6502006B1CB3 /* UpcomingMoviesUITests.swift */; };
		7FD9A1A1219F6B41006B1CB3 /* Domain.framework in Frameworks */ = {isa = PBXBuildFile; fileRef = 7FD9A198219F6B41006B1CB3 /* Domain.framework */; };
		7FD9A1A8219F6B41006B1CB3 /* DomainTests.swift in Sources */ = {isa = PBXBuildFile; fileRef = 7FD9A1A7219F6B41006B1CB3 /* DomainTests.swift */; };
		7FD9A1AA219F6B42006B1CB3 /* Domain.h in Headers */ = {isa = PBXBuildFile; fileRef = 7FD9A19A219F6B41006B1CB3 /* Domain.h */; settings = {ATTRIBUTES = (Public, ); }; };
		7FD9A1AD219F6B42006B1CB3 /* Domain.framework in Frameworks */ = {isa = PBXBuildFile; fileRef = 7FD9A198219F6B41006B1CB3 /* Domain.framework */; };
		7FD9A1AE219F6B42006B1CB3 /* Domain.framework in Embed Frameworks */ = {isa = PBXBuildFile; fileRef = 7FD9A198219F6B41006B1CB3 /* Domain.framework */; settings = {ATTRIBUTES = (CodeSignOnCopy, RemoveHeadersOnCopy, ); }; };
		7FD9A1E6219F6C6D006B1CB3 /* NetworkPlatform.framework in Frameworks */ = {isa = PBXBuildFile; fileRef = 7FD9A1DD219F6C6C006B1CB3 /* NetworkPlatform.framework */; };
		7FD9A1ED219F6C6D006B1CB3 /* NetworkPlatformTests.swift in Sources */ = {isa = PBXBuildFile; fileRef = 7FD9A1EC219F6C6D006B1CB3 /* NetworkPlatformTests.swift */; };
		7FD9A1EF219F6C6D006B1CB3 /* NetworkPlatform.h in Headers */ = {isa = PBXBuildFile; fileRef = 7FD9A1DF219F6C6D006B1CB3 /* NetworkPlatform.h */; settings = {ATTRIBUTES = (Public, ); }; };
		7FD9A1F2219F6C6D006B1CB3 /* NetworkPlatform.framework in Frameworks */ = {isa = PBXBuildFile; fileRef = 7FD9A1DD219F6C6C006B1CB3 /* NetworkPlatform.framework */; };
		7FD9A1F3219F6C6D006B1CB3 /* NetworkPlatform.framework in Embed Frameworks */ = {isa = PBXBuildFile; fileRef = 7FD9A1DD219F6C6C006B1CB3 /* NetworkPlatform.framework */; settings = {ATTRIBUTES = (CodeSignOnCopy, RemoveHeadersOnCopy, ); }; };
		7FD9A1FB219F72EB006B1CB3 /* Colors.xcassets in Resources */ = {isa = PBXBuildFile; fileRef = 7FD9A1FA219F72EB006B1CB3 /* Colors.xcassets */; };
		7FD9A200219F77E9006B1CB3 /* Extension+UIStoryboard.swift in Sources */ = {isa = PBXBuildFile; fileRef = 7FD9A1FE219F77E9006B1CB3 /* Extension+UIStoryboard.swift */; };
		7FD9A201219F77E9006B1CB3 /* Extension+Reusable.swift in Sources */ = {isa = PBXBuildFile; fileRef = 7FD9A1FF219F77E9006B1CB3 /* Extension+Reusable.swift */; };
		7FD9A203219F77F6006B1CB3 /* ViewModelType.swift in Sources */ = {isa = PBXBuildFile; fileRef = 7FD9A202219F77F6006B1CB3 /* ViewModelType.swift */; };
		7FD9A206219F7892006B1CB3 /* MoviesViewController.swift in Sources */ = {isa = PBXBuildFile; fileRef = 7FD9A205219F7892006B1CB3 /* MoviesViewController.swift */; };
		7FD9A208219F78A7006B1CB3 /* MoviesNavigator.swift in Sources */ = {isa = PBXBuildFile; fileRef = 7FD9A207219F78A7006B1CB3 /* MoviesNavigator.swift */; };
		7FD9A20A219F78B7006B1CB3 /* MoviesViewModel.swift in Sources */ = {isa = PBXBuildFile; fileRef = 7FD9A209219F78B6006B1CB3 /* MoviesViewModel.swift */; };
		7FD9A20E219F9FBD006B1CB3 /* Genre.swift in Sources */ = {isa = PBXBuildFile; fileRef = 7FD9A20D219F9FBD006B1CB3 /* Genre.swift */; };
		7FD9A210219FA2B1006B1CB3 /* Movie.swift in Sources */ = {isa = PBXBuildFile; fileRef = 7FD9A20F219FA2B1006B1CB3 /* Movie.swift */; };
		7FD9A213219FA612006B1CB3 /* MoviesUseCase.swift in Sources */ = {isa = PBXBuildFile; fileRef = 7FD9A212219FA612006B1CB3 /* MoviesUseCase.swift */; };
		7FD9A215219FA66E006B1CB3 /* Movies.swift in Sources */ = {isa = PBXBuildFile; fileRef = 7FD9A214219FA66E006B1CB3 /* Movies.swift */; };
		7FD9A217219FA74F006B1CB3 /* UseCaseProvider.swift in Sources */ = {isa = PBXBuildFile; fileRef = 7FD9A216219FA74F006B1CB3 /* UseCaseProvider.swift */; };
		7FD9A21D219FA7DF006B1CB3 /* UseCaseProvider.swift in Sources */ = {isa = PBXBuildFile; fileRef = 7FD9A21B219FA7DF006B1CB3 /* UseCaseProvider.swift */; };
		7FD9A224219FB3A6006B1CB3 /* TheMovieDatabase.swift in Sources */ = {isa = PBXBuildFile; fileRef = 7FD9A223219FB3A6006B1CB3 /* TheMovieDatabase.swift */; };
		7FD9A22D219FBD02006B1CB3 /* UrlsHelper.swift in Sources */ = {isa = PBXBuildFile; fileRef = 7FD9A22C219FBD02006B1CB3 /* UrlsHelper.swift */; };
		7FD9A22F21A01BCA006B1CB3 /* MoviesUseCase.swift in Sources */ = {isa = PBXBuildFile; fileRef = 7FD9A22E21A01BCA006B1CB3 /* MoviesUseCase.swift */; };
		7FD9A23821A04AEE006B1CB3 /* Application.swift in Sources */ = {isa = PBXBuildFile; fileRef = 7FD9A23721A04AEE006B1CB3 /* Application.swift */; };
		7FD9A23A21A0585B006B1CB3 /* Extension+UITableView.swift in Sources */ = {isa = PBXBuildFile; fileRef = 7FD9A23921A0585B006B1CB3 /* Extension+UITableView.swift */; };
		7FD9A23D21A05B6E006B1CB3 /* ActivityIndicator.swift in Sources */ = {isa = PBXBuildFile; fileRef = 7FD9A23C21A05B6E006B1CB3 /* ActivityIndicator.swift */; };
		7FD9A24221A05C8D006B1CB3 /* MovieItemViewModel.swift in Sources */ = {isa = PBXBuildFile; fileRef = 7FD9A24121A05C8D006B1CB3 /* MovieItemViewModel.swift */; };
		7FD9A24421A0605C006B1CB3 /* MovieTableViewCell.swift in Sources */ = {isa = PBXBuildFile; fileRef = 7FD9A24321A0605C006B1CB3 /* MovieTableViewCell.swift */; };
		7FD9A24C21A07B82006B1CB3 /* ErrorTracker.swift in Sources */ = {isa = PBXBuildFile; fileRef = 7FD9A24B21A07B82006B1CB3 /* ErrorTracker.swift */; };
		7FD9A24E21A07C0D006B1CB3 /* Extension+Observable.swift in Sources */ = {isa = PBXBuildFile; fileRef = 7FD9A24D21A07C0D006B1CB3 /* Extension+Observable.swift */; };
		BD058369A424971D0E35B84C /* Pods_UpcomingMoviesUITests.framework in Frameworks */ = {isa = PBXBuildFile; fileRef = 60E6DB0F36AC3FBF77BC93D8 /* Pods_UpcomingMoviesUITests.framework */; };
		E8B5FF5424952BE86E93542C /* Pods_UpcomingMovies.framework in Frameworks */ = {isa = PBXBuildFile; fileRef = 92ED3A1C959FCBE545D03E57 /* Pods_UpcomingMovies.framework */; };
		E9F2DBD81D5FF64CCEF53245 /* Pods_DomainTests.framework in Frameworks */ = {isa = PBXBuildFile; fileRef = B5F5E13BEF284DFDFBF96968 /* Pods_DomainTests.framework */; };
/* End PBXBuildFile section */

/* Begin PBXContainerItemProxy section */
		7FD9A12A219F6502006B1CB3 /* PBXContainerItemProxy */ = {
			isa = PBXContainerItemProxy;
			containerPortal = 7FD9A10D219F64FE006B1CB3 /* Project object */;
			proxyType = 1;
			remoteGlobalIDString = 7FD9A114219F64FE006B1CB3;
			remoteInfo = UpcomingMovies;
		};
		7FD9A135219F6502006B1CB3 /* PBXContainerItemProxy */ = {
			isa = PBXContainerItemProxy;
			containerPortal = 7FD9A10D219F64FE006B1CB3 /* Project object */;
			proxyType = 1;
			remoteGlobalIDString = 7FD9A114219F64FE006B1CB3;
			remoteInfo = UpcomingMovies;
		};
		7FD9A1A2219F6B41006B1CB3 /* PBXContainerItemProxy */ = {
			isa = PBXContainerItemProxy;
			containerPortal = 7FD9A10D219F64FE006B1CB3 /* Project object */;
			proxyType = 1;
			remoteGlobalIDString = 7FD9A197219F6B41006B1CB3;
			remoteInfo = Domain;
		};
		7FD9A1A4219F6B41006B1CB3 /* PBXContainerItemProxy */ = {
			isa = PBXContainerItemProxy;
			containerPortal = 7FD9A10D219F64FE006B1CB3 /* Project object */;
			proxyType = 1;
			remoteGlobalIDString = 7FD9A114219F64FE006B1CB3;
			remoteInfo = UpcomingMovies;
		};
		7FD9A1AB219F6B42006B1CB3 /* PBXContainerItemProxy */ = {
			isa = PBXContainerItemProxy;
			containerPortal = 7FD9A10D219F64FE006B1CB3 /* Project object */;
			proxyType = 1;
			remoteGlobalIDString = 7FD9A197219F6B41006B1CB3;
			remoteInfo = Domain;
		};
		7FD9A1E7219F6C6D006B1CB3 /* PBXContainerItemProxy */ = {
			isa = PBXContainerItemProxy;
			containerPortal = 7FD9A10D219F64FE006B1CB3 /* Project object */;
			proxyType = 1;
			remoteGlobalIDString = 7FD9A1DC219F6C6C006B1CB3;
			remoteInfo = NetworkPlatform;
		};
		7FD9A1E9219F6C6D006B1CB3 /* PBXContainerItemProxy */ = {
			isa = PBXContainerItemProxy;
			containerPortal = 7FD9A10D219F64FE006B1CB3 /* Project object */;
			proxyType = 1;
			remoteGlobalIDString = 7FD9A114219F64FE006B1CB3;
			remoteInfo = UpcomingMovies;
		};
		7FD9A1F0219F6C6D006B1CB3 /* PBXContainerItemProxy */ = {
			isa = PBXContainerItemProxy;
			containerPortal = 7FD9A10D219F64FE006B1CB3 /* Project object */;
			proxyType = 1;
			remoteGlobalIDString = 7FD9A1DC219F6C6C006B1CB3;
			remoteInfo = NetworkPlatform;
		};
/* End PBXContainerItemProxy section */

/* Begin PBXCopyFilesBuildPhase section */
		7FD9A1B4219F6B42006B1CB3 /* Embed Frameworks */ = {
			isa = PBXCopyFilesBuildPhase;
			buildActionMask = 2147483647;
			dstPath = "";
			dstSubfolderSpec = 10;
			files = (
				7FD9A1F3219F6C6D006B1CB3 /* NetworkPlatform.framework in Embed Frameworks */,
				7FD9A1AE219F6B42006B1CB3 /* Domain.framework in Embed Frameworks */,
			);
			name = "Embed Frameworks";
			runOnlyForDeploymentPostprocessing = 0;
		};
/* End PBXCopyFilesBuildPhase section */

/* Begin PBXFileReference section */
		079F257F592D0D3BF7875C97 /* Pods-UpcomingMovies.release.xcconfig */ = {isa = PBXFileReference; includeInIndex = 1; lastKnownFileType = text.xcconfig; name = "Pods-UpcomingMovies.release.xcconfig"; path = "Pods/Target Support Files/Pods-UpcomingMovies/Pods-UpcomingMovies.release.xcconfig"; sourceTree = "<group>"; };
		1A08FBDA85308F9507B08C93 /* Pods-Domain.debug.xcconfig */ = {isa = PBXFileReference; includeInIndex = 1; lastKnownFileType = text.xcconfig; name = "Pods-Domain.debug.xcconfig"; path = "Pods/Target Support Files/Pods-Domain/Pods-Domain.debug.xcconfig"; sourceTree = "<group>"; };
		27A1E94B90ED1E6B32AF0825 /* Pods-NetworkPlatform.release.xcconfig */ = {isa = PBXFileReference; includeInIndex = 1; lastKnownFileType = text.xcconfig; name = "Pods-NetworkPlatform.release.xcconfig"; path = "Pods/Target Support Files/Pods-NetworkPlatform/Pods-NetworkPlatform.release.xcconfig"; sourceTree = "<group>"; };
		2BEB6F2037DAD31DE573EB03 /* Pods-UpcomingMovies.debug.xcconfig */ = {isa = PBXFileReference; includeInIndex = 1; lastKnownFileType = text.xcconfig; name = "Pods-UpcomingMovies.debug.xcconfig"; path = "Pods/Target Support Files/Pods-UpcomingMovies/Pods-UpcomingMovies.debug.xcconfig"; sourceTree = "<group>"; };
		312F310E9D0A0A461ACEC2AE /* Pods-UpcomingMoviesTests.debug.xcconfig */ = {isa = PBXFileReference; includeInIndex = 1; lastKnownFileType = text.xcconfig; name = "Pods-UpcomingMoviesTests.debug.xcconfig"; path = "Pods/Target Support Files/Pods-UpcomingMoviesTests/Pods-UpcomingMoviesTests.debug.xcconfig"; sourceTree = "<group>"; };
		42D6DC7399FE3194156CC0B3 /* Pods-NetworkPlatformTests.debug.xcconfig */ = {isa = PBXFileReference; includeInIndex = 1; lastKnownFileType = text.xcconfig; name = "Pods-NetworkPlatformTests.debug.xcconfig"; path = "Pods/Target Support Files/Pods-NetworkPlatformTests/Pods-NetworkPlatformTests.debug.xcconfig"; sourceTree = "<group>"; };
		5501ADFF3960211ECC2AA752 /* Pods-UpcomingMoviesUITests.release.xcconfig */ = {isa = PBXFileReference; includeInIndex = 1; lastKnownFileType = text.xcconfig; name = "Pods-UpcomingMoviesUITests.release.xcconfig"; path = "Pods/Target Support Files/Pods-UpcomingMoviesUITests/Pods-UpcomingMoviesUITests.release.xcconfig"; sourceTree = "<group>"; };
		60E6DB0F36AC3FBF77BC93D8 /* Pods_UpcomingMoviesUITests.framework */ = {isa = PBXFileReference; explicitFileType = wrapper.framework; includeInIndex = 0; path = Pods_UpcomingMoviesUITests.framework; sourceTree = BUILT_PRODUCTS_DIR; };
		6E0B61F62E69C4F6D62A002A /* Pods_NetworkPlatform.framework */ = {isa = PBXFileReference; explicitFileType = wrapper.framework; includeInIndex = 0; path = Pods_NetworkPlatform.framework; sourceTree = BUILT_PRODUCTS_DIR; };
		7922115DB700B6FFD8B7BB89 /* Pods_NetworkPlatformTests.framework */ = {isa = PBXFileReference; explicitFileType = wrapper.framework; includeInIndex = 0; path = Pods_NetworkPlatformTests.framework; sourceTree = BUILT_PRODUCTS_DIR; };
		7927E70378B0B09B29AA7523 /* Pods-Domain.release.xcconfig */ = {isa = PBXFileReference; includeInIndex = 1; lastKnownFileType = text.xcconfig; name = "Pods-Domain.release.xcconfig"; path = "Pods/Target Support Files/Pods-Domain/Pods-Domain.release.xcconfig"; sourceTree = "<group>"; };
		7F045DBDBD99EF4FC5C8AD0C /* Pods-NetworkPlatformTests.release.xcconfig */ = {isa = PBXFileReference; includeInIndex = 1; lastKnownFileType = text.xcconfig; name = "Pods-NetworkPlatformTests.release.xcconfig"; path = "Pods/Target Support Files/Pods-NetworkPlatformTests/Pods-NetworkPlatformTests.release.xcconfig"; sourceTree = "<group>"; };
		7FD9A115219F64FE006B1CB3 /* UpcomingMovies.app */ = {isa = PBXFileReference; explicitFileType = wrapper.application; includeInIndex = 0; path = UpcomingMovies.app; sourceTree = BUILT_PRODUCTS_DIR; };
		7FD9A118219F64FE006B1CB3 /* AppDelegate.swift */ = {isa = PBXFileReference; lastKnownFileType = sourcecode.swift; path = AppDelegate.swift; sourceTree = "<group>"; };
		7FD9A11D219F64FE006B1CB3 /* Base */ = {isa = PBXFileReference; lastKnownFileType = file.storyboard; name = Base; path = Base.lproj/Main.storyboard; sourceTree = "<group>"; };
		7FD9A11F219F6502006B1CB3 /* Assets.xcassets */ = {isa = PBXFileReference; lastKnownFileType = folder.assetcatalog; path = Assets.xcassets; sourceTree = "<group>"; };
		7FD9A122219F6502006B1CB3 /* Base */ = {isa = PBXFileReference; lastKnownFileType = file.storyboard; name = Base; path = Base.lproj/LaunchScreen.storyboard; sourceTree = "<group>"; };
		7FD9A124219F6502006B1CB3 /* Info.plist */ = {isa = PBXFileReference; lastKnownFileType = text.plist.xml; path = Info.plist; sourceTree = "<group>"; };
		7FD9A129219F6502006B1CB3 /* UpcomingMoviesTests.xctest */ = {isa = PBXFileReference; explicitFileType = wrapper.cfbundle; includeInIndex = 0; path = UpcomingMoviesTests.xctest; sourceTree = BUILT_PRODUCTS_DIR; };
		7FD9A12D219F6502006B1CB3 /* UpcomingMoviesTests.swift */ = {isa = PBXFileReference; lastKnownFileType = sourcecode.swift; path = UpcomingMoviesTests.swift; sourceTree = "<group>"; };
		7FD9A12F219F6502006B1CB3 /* Info.plist */ = {isa = PBXFileReference; lastKnownFileType = text.plist.xml; path = Info.plist; sourceTree = "<group>"; };
		7FD9A134219F6502006B1CB3 /* UpcomingMoviesUITests.xctest */ = {isa = PBXFileReference; explicitFileType = wrapper.cfbundle; includeInIndex = 0; path = UpcomingMoviesUITests.xctest; sourceTree = BUILT_PRODUCTS_DIR; };
		7FD9A138219F6502006B1CB3 /* UpcomingMoviesUITests.swift */ = {isa = PBXFileReference; lastKnownFileType = sourcecode.swift; path = UpcomingMoviesUITests.swift; sourceTree = "<group>"; };
		7FD9A13A219F6502006B1CB3 /* Info.plist */ = {isa = PBXFileReference; lastKnownFileType = text.plist.xml; path = Info.plist; sourceTree = "<group>"; };
		7FD9A198219F6B41006B1CB3 /* Domain.framework */ = {isa = PBXFileReference; explicitFileType = wrapper.framework; includeInIndex = 0; path = Domain.framework; sourceTree = BUILT_PRODUCTS_DIR; };
		7FD9A19A219F6B41006B1CB3 /* Domain.h */ = {isa = PBXFileReference; lastKnownFileType = sourcecode.c.h; path = Domain.h; sourceTree = "<group>"; };
		7FD9A19B219F6B41006B1CB3 /* Info.plist */ = {isa = PBXFileReference; lastKnownFileType = text.plist.xml; path = Info.plist; sourceTree = "<group>"; };
		7FD9A1A0219F6B41006B1CB3 /* DomainTests.xctest */ = {isa = PBXFileReference; explicitFileType = wrapper.cfbundle; includeInIndex = 0; path = DomainTests.xctest; sourceTree = BUILT_PRODUCTS_DIR; };
		7FD9A1A7219F6B41006B1CB3 /* DomainTests.swift */ = {isa = PBXFileReference; lastKnownFileType = sourcecode.swift; path = DomainTests.swift; sourceTree = "<group>"; };
		7FD9A1A9219F6B42006B1CB3 /* Info.plist */ = {isa = PBXFileReference; lastKnownFileType = text.plist.xml; path = Info.plist; sourceTree = "<group>"; };
		7FD9A1DD219F6C6C006B1CB3 /* NetworkPlatform.framework */ = {isa = PBXFileReference; explicitFileType = wrapper.framework; includeInIndex = 0; path = NetworkPlatform.framework; sourceTree = BUILT_PRODUCTS_DIR; };
		7FD9A1DF219F6C6D006B1CB3 /* NetworkPlatform.h */ = {isa = PBXFileReference; lastKnownFileType = sourcecode.c.h; path = NetworkPlatform.h; sourceTree = "<group>"; };
		7FD9A1E0219F6C6D006B1CB3 /* Info.plist */ = {isa = PBXFileReference; lastKnownFileType = text.plist.xml; path = Info.plist; sourceTree = "<group>"; };
		7FD9A1E5219F6C6D006B1CB3 /* NetworkPlatformTests.xctest */ = {isa = PBXFileReference; explicitFileType = wrapper.cfbundle; includeInIndex = 0; path = NetworkPlatformTests.xctest; sourceTree = BUILT_PRODUCTS_DIR; };
		7FD9A1EC219F6C6D006B1CB3 /* NetworkPlatformTests.swift */ = {isa = PBXFileReference; lastKnownFileType = sourcecode.swift; path = NetworkPlatformTests.swift; sourceTree = "<group>"; };
		7FD9A1EE219F6C6D006B1CB3 /* Info.plist */ = {isa = PBXFileReference; lastKnownFileType = text.plist.xml; path = Info.plist; sourceTree = "<group>"; };
		7FD9A1FA219F72EB006B1CB3 /* Colors.xcassets */ = {isa = PBXFileReference; lastKnownFileType = folder.assetcatalog; path = Colors.xcassets; sourceTree = "<group>"; };
		7FD9A1FE219F77E9006B1CB3 /* Extension+UIStoryboard.swift */ = {isa = PBXFileReference; fileEncoding = 4; lastKnownFileType = sourcecode.swift; path = "Extension+UIStoryboard.swift"; sourceTree = "<group>"; };
		7FD9A1FF219F77E9006B1CB3 /* Extension+Reusable.swift */ = {isa = PBXFileReference; fileEncoding = 4; lastKnownFileType = sourcecode.swift; path = "Extension+Reusable.swift"; sourceTree = "<group>"; };
		7FD9A202219F77F6006B1CB3 /* ViewModelType.swift */ = {isa = PBXFileReference; fileEncoding = 4; lastKnownFileType = sourcecode.swift; path = ViewModelType.swift; sourceTree = "<group>"; };
		7FD9A205219F7892006B1CB3 /* MoviesViewController.swift */ = {isa = PBXFileReference; lastKnownFileType = sourcecode.swift; path = MoviesViewController.swift; sourceTree = "<group>"; };
		7FD9A207219F78A7006B1CB3 /* MoviesNavigator.swift */ = {isa = PBXFileReference; lastKnownFileType = sourcecode.swift; path = MoviesNavigator.swift; sourceTree = "<group>"; };
		7FD9A209219F78B6006B1CB3 /* MoviesViewModel.swift */ = {isa = PBXFileReference; lastKnownFileType = sourcecode.swift; path = MoviesViewModel.swift; sourceTree = "<group>"; };
		7FD9A20D219F9FBD006B1CB3 /* Genre.swift */ = {isa = PBXFileReference; lastKnownFileType = sourcecode.swift; path = Genre.swift; sourceTree = "<group>"; };
		7FD9A20F219FA2B1006B1CB3 /* Movie.swift */ = {isa = PBXFileReference; lastKnownFileType = sourcecode.swift; path = Movie.swift; sourceTree = "<group>"; };
		7FD9A212219FA612006B1CB3 /* MoviesUseCase.swift */ = {isa = PBXFileReference; lastKnownFileType = sourcecode.swift; path = MoviesUseCase.swift; sourceTree = "<group>"; };
		7FD9A214219FA66E006B1CB3 /* Movies.swift */ = {isa = PBXFileReference; lastKnownFileType = sourcecode.swift; path = Movies.swift; sourceTree = "<group>"; };
		7FD9A216219FA74F006B1CB3 /* UseCaseProvider.swift */ = {isa = PBXFileReference; lastKnownFileType = sourcecode.swift; path = UseCaseProvider.swift; sourceTree = "<group>"; };
		7FD9A21B219FA7DF006B1CB3 /* UseCaseProvider.swift */ = {isa = PBXFileReference; fileEncoding = 4; lastKnownFileType = sourcecode.swift; path = UseCaseProvider.swift; sourceTree = "<group>"; };
		7FD9A223219FB3A6006B1CB3 /* TheMovieDatabase.swift */ = {isa = PBXFileReference; lastKnownFileType = sourcecode.swift; path = TheMovieDatabase.swift; sourceTree = "<group>"; };
		7FD9A22C219FBD02006B1CB3 /* UrlsHelper.swift */ = {isa = PBXFileReference; lastKnownFileType = sourcecode.swift; path = UrlsHelper.swift; sourceTree = "<group>"; };
		7FD9A22E21A01BCA006B1CB3 /* MoviesUseCase.swift */ = {isa = PBXFileReference; lastKnownFileType = sourcecode.swift; path = MoviesUseCase.swift; sourceTree = "<group>"; };
		7FD9A23721A04AEE006B1CB3 /* Application.swift */ = {isa = PBXFileReference; lastKnownFileType = sourcecode.swift; path = Application.swift; sourceTree = "<group>"; };
		7FD9A23921A0585B006B1CB3 /* Extension+UITableView.swift */ = {isa = PBXFileReference; lastKnownFileType = sourcecode.swift; path = "Extension+UITableView.swift"; sourceTree = "<group>"; };
		7FD9A23C21A05B6E006B1CB3 /* ActivityIndicator.swift */ = {isa = PBXFileReference; lastKnownFileType = sourcecode.swift; path = ActivityIndicator.swift; sourceTree = "<group>"; };
		7FD9A24121A05C8D006B1CB3 /* MovieItemViewModel.swift */ = {isa = PBXFileReference; lastKnownFileType = sourcecode.swift; path = MovieItemViewModel.swift; sourceTree = "<group>"; };
		7FD9A24321A0605C006B1CB3 /* MovieTableViewCell.swift */ = {isa = PBXFileReference; lastKnownFileType = sourcecode.swift; path = MovieTableViewCell.swift; sourceTree = "<group>"; };
		7FD9A24B21A07B82006B1CB3 /* ErrorTracker.swift */ = {isa = PBXFileReference; lastKnownFileType = sourcecode.swift; path = ErrorTracker.swift; sourceTree = "<group>"; };
		7FD9A24D21A07C0D006B1CB3 /* Extension+Observable.swift */ = {isa = PBXFileReference; lastKnownFileType = sourcecode.swift; path = "Extension+Observable.swift"; sourceTree = "<group>"; };
		8FC199C0EE9639C4DD870CF1 /* Pods-UpcomingMoviesUITests.debug.xcconfig */ = {isa = PBXFileReference; includeInIndex = 1; lastKnownFileType = text.xcconfig; name = "Pods-UpcomingMoviesUITests.debug.xcconfig"; path = "Pods/Target Support Files/Pods-UpcomingMoviesUITests/Pods-UpcomingMoviesUITests.debug.xcconfig"; sourceTree = "<group>"; };
		92ED3A1C959FCBE545D03E57 /* Pods_UpcomingMovies.framework */ = {isa = PBXFileReference; explicitFileType = wrapper.framework; includeInIndex = 0; path = Pods_UpcomingMovies.framework; sourceTree = BUILT_PRODUCTS_DIR; };
		AEDE3B2B564DC823DCA51D49 /* Pods_Domain.framework */ = {isa = PBXFileReference; explicitFileType = wrapper.framework; includeInIndex = 0; path = Pods_Domain.framework; sourceTree = BUILT_PRODUCTS_DIR; };
		AF18B08C6826D639F970B228 /* Pods_UpcomingMoviesTests.framework */ = {isa = PBXFileReference; explicitFileType = wrapper.framework; includeInIndex = 0; path = Pods_UpcomingMoviesTests.framework; sourceTree = BUILT_PRODUCTS_DIR; };
		B1123D33B1ABD6CE0E890702 /* Pods-UpcomingMoviesTests.release.xcconfig */ = {isa = PBXFileReference; includeInIndex = 1; lastKnownFileType = text.xcconfig; name = "Pods-UpcomingMoviesTests.release.xcconfig"; path = "Pods/Target Support Files/Pods-UpcomingMoviesTests/Pods-UpcomingMoviesTests.release.xcconfig"; sourceTree = "<group>"; };
		B5F5E13BEF284DFDFBF96968 /* Pods_DomainTests.framework */ = {isa = PBXFileReference; explicitFileType = wrapper.framework; includeInIndex = 0; path = Pods_DomainTests.framework; sourceTree = BUILT_PRODUCTS_DIR; };
		BAED557C7DFDE32382B603FD /* Pods-DomainTests.release.xcconfig */ = {isa = PBXFileReference; includeInIndex = 1; lastKnownFileType = text.xcconfig; name = "Pods-DomainTests.release.xcconfig"; path = "Pods/Target Support Files/Pods-DomainTests/Pods-DomainTests.release.xcconfig"; sourceTree = "<group>"; };
		C8B5BAAEBEE491009661E124 /* Pods-DomainTests.debug.xcconfig */ = {isa = PBXFileReference; includeInIndex = 1; lastKnownFileType = text.xcconfig; name = "Pods-DomainTests.debug.xcconfig"; path = "Pods/Target Support Files/Pods-DomainTests/Pods-DomainTests.debug.xcconfig"; sourceTree = "<group>"; };
		D0039795803C06954FD2B86B /* Pods-NetworkPlatform.debug.xcconfig */ = {isa = PBXFileReference; includeInIndex = 1; lastKnownFileType = text.xcconfig; name = "Pods-NetworkPlatform.debug.xcconfig"; path = "Pods/Target Support Files/Pods-NetworkPlatform/Pods-NetworkPlatform.debug.xcconfig"; sourceTree = "<group>"; };
/* End PBXFileReference section */

/* Begin PBXFrameworksBuildPhase section */
		7FD9A112219F64FE006B1CB3 /* Frameworks */ = {
			isa = PBXFrameworksBuildPhase;
			buildActionMask = 2147483647;
			files = (
				7FD9A1F2219F6C6D006B1CB3 /* NetworkPlatform.framework in Frameworks */,
				7FD9A1AD219F6B42006B1CB3 /* Domain.framework in Frameworks */,
				E8B5FF5424952BE86E93542C /* Pods_UpcomingMovies.framework in Frameworks */,
			);
			runOnlyForDeploymentPostprocessing = 0;
		};
		7FD9A126219F6502006B1CB3 /* Frameworks */ = {
			isa = PBXFrameworksBuildPhase;
			buildActionMask = 2147483647;
			files = (
				62D1E807C0994CA8E7934EC9 /* Pods_UpcomingMoviesTests.framework in Frameworks */,
			);
			runOnlyForDeploymentPostprocessing = 0;
		};
		7FD9A131219F6502006B1CB3 /* Frameworks */ = {
			isa = PBXFrameworksBuildPhase;
			buildActionMask = 2147483647;
			files = (
				BD058369A424971D0E35B84C /* Pods_UpcomingMoviesUITests.framework in Frameworks */,
			);
			runOnlyForDeploymentPostprocessing = 0;
		};
		7FD9A195219F6B41006B1CB3 /* Frameworks */ = {
			isa = PBXFrameworksBuildPhase;
			buildActionMask = 2147483647;
			files = (
				19EBF2E31DE3DE42EF8E6591 /* Pods_Domain.framework in Frameworks */,
			);
			runOnlyForDeploymentPostprocessing = 0;
		};
		7FD9A19D219F6B41006B1CB3 /* Frameworks */ = {
			isa = PBXFrameworksBuildPhase;
			buildActionMask = 2147483647;
			files = (
				7FD9A1A1219F6B41006B1CB3 /* Domain.framework in Frameworks */,
				E9F2DBD81D5FF64CCEF53245 /* Pods_DomainTests.framework in Frameworks */,
			);
			runOnlyForDeploymentPostprocessing = 0;
		};
		7FD9A1DA219F6C6C006B1CB3 /* Frameworks */ = {
			isa = PBXFrameworksBuildPhase;
			buildActionMask = 2147483647;
			files = (
				759EE777A970360D3FD93B78 /* Pods_NetworkPlatform.framework in Frameworks */,
			);
			runOnlyForDeploymentPostprocessing = 0;
		};
		7FD9A1E2219F6C6D006B1CB3 /* Frameworks */ = {
			isa = PBXFrameworksBuildPhase;
			buildActionMask = 2147483647;
			files = (
				7FD9A1E6219F6C6D006B1CB3 /* NetworkPlatform.framework in Frameworks */,
				61893E2DF51DA3D291A08C4E /* Pods_NetworkPlatformTests.framework in Frameworks */,
			);
			runOnlyForDeploymentPostprocessing = 0;
		};
/* End PBXFrameworksBuildPhase section */

/* Begin PBXGroup section */
		5AF8F8DC36FBA1260DEC5433 /* Pods */ = {
			isa = PBXGroup;
			children = (
				1A08FBDA85308F9507B08C93 /* Pods-Domain.debug.xcconfig */,
				7927E70378B0B09B29AA7523 /* Pods-Domain.release.xcconfig */,
				C8B5BAAEBEE491009661E124 /* Pods-DomainTests.debug.xcconfig */,
				BAED557C7DFDE32382B603FD /* Pods-DomainTests.release.xcconfig */,
				D0039795803C06954FD2B86B /* Pods-NetworkPlatform.debug.xcconfig */,
				27A1E94B90ED1E6B32AF0825 /* Pods-NetworkPlatform.release.xcconfig */,
				42D6DC7399FE3194156CC0B3 /* Pods-NetworkPlatformTests.debug.xcconfig */,
				7F045DBDBD99EF4FC5C8AD0C /* Pods-NetworkPlatformTests.release.xcconfig */,
				2BEB6F2037DAD31DE573EB03 /* Pods-UpcomingMovies.debug.xcconfig */,
				079F257F592D0D3BF7875C97 /* Pods-UpcomingMovies.release.xcconfig */,
				312F310E9D0A0A461ACEC2AE /* Pods-UpcomingMoviesTests.debug.xcconfig */,
				B1123D33B1ABD6CE0E890702 /* Pods-UpcomingMoviesTests.release.xcconfig */,
				8FC199C0EE9639C4DD870CF1 /* Pods-UpcomingMoviesUITests.debug.xcconfig */,
				5501ADFF3960211ECC2AA752 /* Pods-UpcomingMoviesUITests.release.xcconfig */,
			);
			name = Pods;
			sourceTree = "<group>";
		};
		7FD9A10C219F64FE006B1CB3 = {
			isa = PBXGroup;
			children = (
				7FD9A117219F64FE006B1CB3 /* UpcomingMovies */,
				7FD9A12C219F6502006B1CB3 /* UpcomingMoviesTests */,
				7FD9A137219F6502006B1CB3 /* UpcomingMoviesUITests */,
				7FD9A199219F6B41006B1CB3 /* Domain */,
				7FD9A1A6219F6B41006B1CB3 /* DomainTests */,
				7FD9A1DE219F6C6D006B1CB3 /* NetworkPlatform */,
				7FD9A1EB219F6C6D006B1CB3 /* NetworkPlatformTests */,
				7FD9A116219F64FE006B1CB3 /* Products */,
				5AF8F8DC36FBA1260DEC5433 /* Pods */,
				954F4F70E45FFBB5970490CB /* Frameworks */,
			);
			sourceTree = "<group>";
		};
		7FD9A116219F64FE006B1CB3 /* Products */ = {
			isa = PBXGroup;
			children = (
				7FD9A115219F64FE006B1CB3 /* UpcomingMovies.app */,
				7FD9A129219F6502006B1CB3 /* UpcomingMoviesTests.xctest */,
				7FD9A134219F6502006B1CB3 /* UpcomingMoviesUITests.xctest */,
				7FD9A198219F6B41006B1CB3 /* Domain.framework */,
				7FD9A1A0219F6B41006B1CB3 /* DomainTests.xctest */,
				7FD9A1DD219F6C6C006B1CB3 /* NetworkPlatform.framework */,
				7FD9A1E5219F6C6D006B1CB3 /* NetworkPlatformTests.xctest */,
			);
			name = Products;
			sourceTree = "<group>";
		};
		7FD9A117219F64FE006B1CB3 /* UpcomingMovies */ = {
			isa = PBXGroup;
			children = (
				7FD9A23621A04ADA006B1CB3 /* Application */,
				7FD9A1FD219F7740006B1CB3 /* Utils */,
				7FD9A1FC219F7735006B1CB3 /* Common */,
				7FD9A20B219F791C006B1CB3 /* Scenes */,
				7FD9A118219F64FE006B1CB3 /* AppDelegate.swift */,
				7FD9A11C219F64FE006B1CB3 /* Main.storyboard */,
				7FD9A11F219F6502006B1CB3 /* Assets.xcassets */,
				7FD9A121219F6502006B1CB3 /* LaunchScreen.storyboard */,
				7FD9A124219F6502006B1CB3 /* Info.plist */,
				7FD9A1FA219F72EB006B1CB3 /* Colors.xcassets */,
			);
			path = UpcomingMovies;
			sourceTree = "<group>";
		};
		7FD9A12C219F6502006B1CB3 /* UpcomingMoviesTests */ = {
			isa = PBXGroup;
			children = (
				7FD9A12D219F6502006B1CB3 /* UpcomingMoviesTests.swift */,
				7FD9A12F219F6502006B1CB3 /* Info.plist */,
			);
			path = UpcomingMoviesTests;
			sourceTree = "<group>";
		};
		7FD9A137219F6502006B1CB3 /* UpcomingMoviesUITests */ = {
			isa = PBXGroup;
			children = (
				7FD9A138219F6502006B1CB3 /* UpcomingMoviesUITests.swift */,
				7FD9A13A219F6502006B1CB3 /* Info.plist */,
			);
			path = UpcomingMoviesUITests;
			sourceTree = "<group>";
		};
		7FD9A199219F6B41006B1CB3 /* Domain */ = {
			isa = PBXGroup;
			children = (
				7FD9A211219FA5E6006B1CB3 /* UseCases */,
				7FD9A20C219F9F35006B1CB3 /* Entities */,
				7FD9A19A219F6B41006B1CB3 /* Domain.h */,
				7FD9A19B219F6B41006B1CB3 /* Info.plist */,
			);
			path = Domain;
			sourceTree = "<group>";
		};
		7FD9A1A6219F6B41006B1CB3 /* DomainTests */ = {
			isa = PBXGroup;
			children = (
				7FD9A1A7219F6B41006B1CB3 /* DomainTests.swift */,
				7FD9A1A9219F6B42006B1CB3 /* Info.plist */,
			);
			path = DomainTests;
			sourceTree = "<group>";
		};
		7FD9A1DE219F6C6D006B1CB3 /* NetworkPlatform */ = {
			isa = PBXGroup;
			children = (
				7FD9A225219FB8C4006B1CB3 /* Support */,
				7FD9A218219FA7DF006B1CB3 /* Network */,
				7FD9A21A219FA7DF006B1CB3 /* UseCases */,
				7FD9A1DF219F6C6D006B1CB3 /* NetworkPlatform.h */,
				7FD9A1E0219F6C6D006B1CB3 /* Info.plist */,
			);
			path = NetworkPlatform;
			sourceTree = "<group>";
		};
		7FD9A1EB219F6C6D006B1CB3 /* NetworkPlatformTests */ = {
			isa = PBXGroup;
			children = (
				7FD9A1EC219F6C6D006B1CB3 /* NetworkPlatformTests.swift */,
				7FD9A1EE219F6C6D006B1CB3 /* Info.plist */,
			);
			path = NetworkPlatformTests;
			sourceTree = "<group>";
		};
		7FD9A1FC219F7735006B1CB3 /* Common */ = {
			isa = PBXGroup;
			children = (
				7FD9A202219F77F6006B1CB3 /* ViewModelType.swift */,
			);
			path = Common;
			sourceTree = "<group>";
		};
		7FD9A1FD219F7740006B1CB3 /* Utils */ = {
			isa = PBXGroup;
			children = (
				7FD9A23C21A05B6E006B1CB3 /* ActivityIndicator.swift */,
				7FD9A24B21A07B82006B1CB3 /* ErrorTracker.swift */,
				7FD9A23B21A05B63006B1CB3 /* Extensions */,
			);
			path = Utils;
			sourceTree = "<group>";
		};
		7FD9A204219F7874006B1CB3 /* Movies */ = {
			isa = PBXGroup;
			children = (
				7FD9A24021A05C77006B1CB3 /* MovieItem */,
				7FD9A205219F7892006B1CB3 /* MoviesViewController.swift */,
				7FD9A207219F78A7006B1CB3 /* MoviesNavigator.swift */,
				7FD9A209219F78B6006B1CB3 /* MoviesViewModel.swift */,
			);
			path = Movies;
			sourceTree = "<group>";
		};
		7FD9A20B219F791C006B1CB3 /* Scenes */ = {
			isa = PBXGroup;
			children = (
				7FD9A204219F7874006B1CB3 /* Movies */,
			);
			path = Scenes;
			sourceTree = "<group>";
		};
		7FD9A20C219F9F35006B1CB3 /* Entities */ = {
			isa = PBXGroup;
			children = (
				7FD9A20D219F9FBD006B1CB3 /* Genre.swift */,
				7FD9A20F219FA2B1006B1CB3 /* Movie.swift */,
				7FD9A214219FA66E006B1CB3 /* Movies.swift */,
			);
			path = Entities;
			sourceTree = "<group>";
		};
		7FD9A211219FA5E6006B1CB3 /* UseCases */ = {
			isa = PBXGroup;
			children = (
				7FD9A212219FA612006B1CB3 /* MoviesUseCase.swift */,
				7FD9A216219FA74F006B1CB3 /* UseCaseProvider.swift */,
			);
			path = UseCases;
			sourceTree = "<group>";
		};
		7FD9A218219FA7DF006B1CB3 /* Network */ = {
			isa = PBXGroup;
			children = (
				7FD9A223219FB3A6006B1CB3 /* TheMovieDatabase.swift */,
			);
			path = Network;
			sourceTree = "<group>";
		};
		7FD9A21A219FA7DF006B1CB3 /* UseCases */ = {
			isa = PBXGroup;
			children = (
				7FD9A22E21A01BCA006B1CB3 /* MoviesUseCase.swift */,
				7FD9A21B219FA7DF006B1CB3 /* UseCaseProvider.swift */,
			);
			path = UseCases;
			sourceTree = "<group>";
		};
		7FD9A225219FB8C4006B1CB3 /* Support */ = {
			isa = PBXGroup;
			children = (
				7FD9A22C219FBD02006B1CB3 /* UrlsHelper.swift */,
			);
			path = Support;
			sourceTree = "<group>";
		};
		7FD9A23621A04ADA006B1CB3 /* Application */ = {
			isa = PBXGroup;
			children = (
				7FD9A23721A04AEE006B1CB3 /* Application.swift */,
			);
			path = Application;
			sourceTree = "<group>";
		};
		7FD9A23B21A05B63006B1CB3 /* Extensions */ = {
			isa = PBXGroup;
			children = (
				7FD9A1FF219F77E9006B1CB3 /* Extension+Reusable.swift */,
				7FD9A1FE219F77E9006B1CB3 /* Extension+UIStoryboard.swift */,
				7FD9A23921A0585B006B1CB3 /* Extension+UITableView.swift */,
				7FD9A24D21A07C0D006B1CB3 /* Extension+Observable.swift */,
			);
			path = Extensions;
			sourceTree = "<group>";
		};
		7FD9A24021A05C77006B1CB3 /* MovieItem */ = {
			isa = PBXGroup;
			children = (
				7FD9A24121A05C8D006B1CB3 /* MovieItemViewModel.swift */,
				7FD9A24321A0605C006B1CB3 /* MovieTableViewCell.swift */,
			);
			path = MovieItem;
			sourceTree = "<group>";
		};
		954F4F70E45FFBB5970490CB /* Frameworks */ = {
			isa = PBXGroup;
			children = (
				AEDE3B2B564DC823DCA51D49 /* Pods_Domain.framework */,
				B5F5E13BEF284DFDFBF96968 /* Pods_DomainTests.framework */,
				6E0B61F62E69C4F6D62A002A /* Pods_NetworkPlatform.framework */,
				7922115DB700B6FFD8B7BB89 /* Pods_NetworkPlatformTests.framework */,
				92ED3A1C959FCBE545D03E57 /* Pods_UpcomingMovies.framework */,
				AF18B08C6826D639F970B228 /* Pods_UpcomingMoviesTests.framework */,
				60E6DB0F36AC3FBF77BC93D8 /* Pods_UpcomingMoviesUITests.framework */,
			);
			name = Frameworks;
			sourceTree = "<group>";
		};
/* End PBXGroup section */

/* Begin PBXHeadersBuildPhase section */
		7FD9A193219F6B41006B1CB3 /* Headers */ = {
			isa = PBXHeadersBuildPhase;
			buildActionMask = 2147483647;
			files = (
				7FD9A1AA219F6B42006B1CB3 /* Domain.h in Headers */,
			);
			runOnlyForDeploymentPostprocessing = 0;
		};
		7FD9A1D8219F6C6C006B1CB3 /* Headers */ = {
			isa = PBXHeadersBuildPhase;
			buildActionMask = 2147483647;
			files = (
				7FD9A1EF219F6C6D006B1CB3 /* NetworkPlatform.h in Headers */,
			);
			runOnlyForDeploymentPostprocessing = 0;
		};
/* End PBXHeadersBuildPhase section */

/* Begin PBXNativeTarget section */
		7FD9A114219F64FE006B1CB3 /* UpcomingMovies */ = {
			isa = PBXNativeTarget;
			buildConfigurationList = 7FD9A13D219F6502006B1CB3 /* Build configuration list for PBXNativeTarget "UpcomingMovies" */;
			buildPhases = (
				D2DEEB5DBE1CA23A759ECE26 /* [CP] Check Pods Manifest.lock */,
				7FD9A111219F64FE006B1CB3 /* Sources */,
				7FD9A112219F64FE006B1CB3 /* Frameworks */,
				7FD9A113219F64FE006B1CB3 /* Resources */,
				7FD9A1B4219F6B42006B1CB3 /* Embed Frameworks */,
				22FE140B2D3B0AE8D3166BE3 /* [CP] Embed Pods Frameworks */,
			);
			buildRules = (
			);
			dependencies = (
				7FD9A1AC219F6B42006B1CB3 /* PBXTargetDependency */,
				7FD9A1F1219F6C6D006B1CB3 /* PBXTargetDependency */,
			);
			name = UpcomingMovies;
			productName = UpcomingMovies;
			productReference = 7FD9A115219F64FE006B1CB3 /* UpcomingMovies.app */;
			productType = "com.apple.product-type.application";
		};
		7FD9A128219F6502006B1CB3 /* UpcomingMoviesTests */ = {
			isa = PBXNativeTarget;
			buildConfigurationList = 7FD9A140219F6502006B1CB3 /* Build configuration list for PBXNativeTarget "UpcomingMoviesTests" */;
			buildPhases = (
				83A2D8A95BBA8EDA57B9D1F7 /* [CP] Check Pods Manifest.lock */,
				7FD9A125219F6502006B1CB3 /* Sources */,
				7FD9A126219F6502006B1CB3 /* Frameworks */,
				7FD9A127219F6502006B1CB3 /* Resources */,
				D4C6FEC238A6D8ED31A26EAC /* [CP] Embed Pods Frameworks */,
			);
			buildRules = (
			);
			dependencies = (
				7FD9A12B219F6502006B1CB3 /* PBXTargetDependency */,
			);
			name = UpcomingMoviesTests;
			productName = UpcomingMoviesTests;
			productReference = 7FD9A129219F6502006B1CB3 /* UpcomingMoviesTests.xctest */;
			productType = "com.apple.product-type.bundle.unit-test";
		};
		7FD9A133219F6502006B1CB3 /* UpcomingMoviesUITests */ = {
			isa = PBXNativeTarget;
			buildConfigurationList = 7FD9A143219F6502006B1CB3 /* Build configuration list for PBXNativeTarget "UpcomingMoviesUITests" */;
			buildPhases = (
				0C5DBA7C1BB8F224F86AAF75 /* [CP] Check Pods Manifest.lock */,
				7FD9A130219F6502006B1CB3 /* Sources */,
				7FD9A131219F6502006B1CB3 /* Frameworks */,
				7FD9A132219F6502006B1CB3 /* Resources */,
			);
			buildRules = (
			);
			dependencies = (
				7FD9A136219F6502006B1CB3 /* PBXTargetDependency */,
			);
			name = UpcomingMoviesUITests;
			productName = UpcomingMoviesUITests;
			productReference = 7FD9A134219F6502006B1CB3 /* UpcomingMoviesUITests.xctest */;
			productType = "com.apple.product-type.bundle.ui-testing";
		};
		7FD9A197219F6B41006B1CB3 /* Domain */ = {
			isa = PBXNativeTarget;
			buildConfigurationList = 7FD9A1B3219F6B42006B1CB3 /* Build configuration list for PBXNativeTarget "Domain" */;
			buildPhases = (
				91A2F56D07F5D27C6C4FCF10 /* [CP] Check Pods Manifest.lock */,
				7FD9A193219F6B41006B1CB3 /* Headers */,
				7FD9A194219F6B41006B1CB3 /* Sources */,
				7FD9A195219F6B41006B1CB3 /* Frameworks */,
				7FD9A196219F6B41006B1CB3 /* Resources */,
			);
			buildRules = (
			);
			dependencies = (
			);
			name = Domain;
			productName = Domain;
			productReference = 7FD9A198219F6B41006B1CB3 /* Domain.framework */;
			productType = "com.apple.product-type.framework";
		};
		7FD9A19F219F6B41006B1CB3 /* DomainTests */ = {
			isa = PBXNativeTarget;
			buildConfigurationList = 7FD9A1B5219F6B42006B1CB3 /* Build configuration list for PBXNativeTarget "DomainTests" */;
			buildPhases = (
				B30E26542C9A8CF0AD5A1C1C /* [CP] Check Pods Manifest.lock */,
				7FD9A19C219F6B41006B1CB3 /* Sources */,
				7FD9A19D219F6B41006B1CB3 /* Frameworks */,
				7FD9A19E219F6B41006B1CB3 /* Resources */,
				2C333303661432DB69902953 /* [CP] Embed Pods Frameworks */,
			);
			buildRules = (
			);
			dependencies = (
				7FD9A1A3219F6B41006B1CB3 /* PBXTargetDependency */,
				7FD9A1A5219F6B41006B1CB3 /* PBXTargetDependency */,
			);
			name = DomainTests;
			productName = DomainTests;
			productReference = 7FD9A1A0219F6B41006B1CB3 /* DomainTests.xctest */;
			productType = "com.apple.product-type.bundle.unit-test";
		};
		7FD9A1DC219F6C6C006B1CB3 /* NetworkPlatform */ = {
			isa = PBXNativeTarget;
			buildConfigurationList = 7FD9A1F4219F6C6D006B1CB3 /* Build configuration list for PBXNativeTarget "NetworkPlatform" */;
			buildPhases = (
				B11330F7E5A190F704ABD79B /* [CP] Check Pods Manifest.lock */,
				7FD9A1D8219F6C6C006B1CB3 /* Headers */,
				7FD9A1D9219F6C6C006B1CB3 /* Sources */,
				7FD9A1DA219F6C6C006B1CB3 /* Frameworks */,
				7FD9A1DB219F6C6C006B1CB3 /* Resources */,
			);
			buildRules = (
			);
			dependencies = (
			);
			name = NetworkPlatform;
			productName = NetworkPlatform;
			productReference = 7FD9A1DD219F6C6C006B1CB3 /* NetworkPlatform.framework */;
			productType = "com.apple.product-type.framework";
		};
		7FD9A1E4219F6C6D006B1CB3 /* NetworkPlatformTests */ = {
			isa = PBXNativeTarget;
			buildConfigurationList = 7FD9A1F7219F6C6D006B1CB3 /* Build configuration list for PBXNativeTarget "NetworkPlatformTests" */;
			buildPhases = (
				47B30B802D4E9A6F2A7C51FB /* [CP] Check Pods Manifest.lock */,
				7FD9A1E1219F6C6D006B1CB3 /* Sources */,
				7FD9A1E2219F6C6D006B1CB3 /* Frameworks */,
				7FD9A1E3219F6C6D006B1CB3 /* Resources */,
				DEAAA0C216144E06EC621DB0 /* [CP] Embed Pods Frameworks */,
			);
			buildRules = (
			);
			dependencies = (
				7FD9A1E8219F6C6D006B1CB3 /* PBXTargetDependency */,
				7FD9A1EA219F6C6D006B1CB3 /* PBXTargetDependency */,
			);
			name = NetworkPlatformTests;
			productName = NetworkPlatformTests;
			productReference = 7FD9A1E5219F6C6D006B1CB3 /* NetworkPlatformTests.xctest */;
			productType = "com.apple.product-type.bundle.unit-test";
		};
/* End PBXNativeTarget section */

/* Begin PBXProject section */
		7FD9A10D219F64FE006B1CB3 /* Project object */ = {
			isa = PBXProject;
			attributes = {
				LastSwiftUpdateCheck = 1010;
				LastUpgradeCheck = 1010;
				ORGANIZATIONNAME = "Tatiane Souza";
				TargetAttributes = {
					7FD9A114219F64FE006B1CB3 = {
						CreatedOnToolsVersion = 10.1;
					};
					7FD9A128219F6502006B1CB3 = {
						CreatedOnToolsVersion = 10.1;
						TestTargetID = 7FD9A114219F64FE006B1CB3;
					};
					7FD9A133219F6502006B1CB3 = {
						CreatedOnToolsVersion = 10.1;
						TestTargetID = 7FD9A114219F64FE006B1CB3;
					};
					7FD9A197219F6B41006B1CB3 = {
						CreatedOnToolsVersion = 10.1;
						LastSwiftMigration = 1010;
					};
					7FD9A19F219F6B41006B1CB3 = {
						CreatedOnToolsVersion = 10.1;
						TestTargetID = 7FD9A114219F64FE006B1CB3;
					};
					7FD9A1DC219F6C6C006B1CB3 = {
						CreatedOnToolsVersion = 10.1;
					};
					7FD9A1E4219F6C6D006B1CB3 = {
						CreatedOnToolsVersion = 10.1;
						TestTargetID = 7FD9A114219F64FE006B1CB3;
					};
				};
			};
			buildConfigurationList = 7FD9A110219F64FE006B1CB3 /* Build configuration list for PBXProject "UpcomingMovies" */;
			compatibilityVersion = "Xcode 9.3";
			developmentRegion = en;
			hasScannedForEncodings = 0;
			knownRegions = (
				en,
				Base,
			);
			mainGroup = 7FD9A10C219F64FE006B1CB3;
			productRefGroup = 7FD9A116219F64FE006B1CB3 /* Products */;
			projectDirPath = "";
			projectRoot = "";
			targets = (
				7FD9A114219F64FE006B1CB3 /* UpcomingMovies */,
				7FD9A128219F6502006B1CB3 /* UpcomingMoviesTests */,
				7FD9A133219F6502006B1CB3 /* UpcomingMoviesUITests */,
				7FD9A197219F6B41006B1CB3 /* Domain */,
				7FD9A19F219F6B41006B1CB3 /* DomainTests */,
				7FD9A1DC219F6C6C006B1CB3 /* NetworkPlatform */,
				7FD9A1E4219F6C6D006B1CB3 /* NetworkPlatformTests */,
			);
		};
/* End PBXProject section */

/* Begin PBXResourcesBuildPhase section */
		7FD9A113219F64FE006B1CB3 /* Resources */ = {
			isa = PBXResourcesBuildPhase;
			buildActionMask = 2147483647;
			files = (
				7FD9A123219F6502006B1CB3 /* LaunchScreen.storyboard in Resources */,
				7FD9A1FB219F72EB006B1CB3 /* Colors.xcassets in Resources */,
				7FD9A120219F6502006B1CB3 /* Assets.xcassets in Resources */,
				7FD9A11E219F64FE006B1CB3 /* Main.storyboard in Resources */,
			);
			runOnlyForDeploymentPostprocessing = 0;
		};
		7FD9A127219F6502006B1CB3 /* Resources */ = {
			isa = PBXResourcesBuildPhase;
			buildActionMask = 2147483647;
			files = (
			);
			runOnlyForDeploymentPostprocessing = 0;
		};
		7FD9A132219F6502006B1CB3 /* Resources */ = {
			isa = PBXResourcesBuildPhase;
			buildActionMask = 2147483647;
			files = (
			);
			runOnlyForDeploymentPostprocessing = 0;
		};
		7FD9A196219F6B41006B1CB3 /* Resources */ = {
			isa = PBXResourcesBuildPhase;
			buildActionMask = 2147483647;
			files = (
			);
			runOnlyForDeploymentPostprocessing = 0;
		};
		7FD9A19E219F6B41006B1CB3 /* Resources */ = {
			isa = PBXResourcesBuildPhase;
			buildActionMask = 2147483647;
			files = (
			);
			runOnlyForDeploymentPostprocessing = 0;
		};
		7FD9A1DB219F6C6C006B1CB3 /* Resources */ = {
			isa = PBXResourcesBuildPhase;
			buildActionMask = 2147483647;
			files = (
			);
			runOnlyForDeploymentPostprocessing = 0;
		};
		7FD9A1E3219F6C6D006B1CB3 /* Resources */ = {
			isa = PBXResourcesBuildPhase;
			buildActionMask = 2147483647;
			files = (
			);
			runOnlyForDeploymentPostprocessing = 0;
		};
/* End PBXResourcesBuildPhase section */

/* Begin PBXShellScriptBuildPhase section */
		0C5DBA7C1BB8F224F86AAF75 /* [CP] Check Pods Manifest.lock */ = {
			isa = PBXShellScriptBuildPhase;
			buildActionMask = 2147483647;
			files = (
			);
			inputPaths = (
				"${PODS_PODFILE_DIR_PATH}/Podfile.lock",
				"${PODS_ROOT}/Manifest.lock",
			);
			name = "[CP] Check Pods Manifest.lock";
			outputPaths = (
				"$(DERIVED_FILE_DIR)/Pods-UpcomingMoviesUITests-checkManifestLockResult.txt",
			);
			runOnlyForDeploymentPostprocessing = 0;
			shellPath = /bin/sh;
			shellScript = "diff \"${PODS_PODFILE_DIR_PATH}/Podfile.lock\" \"${PODS_ROOT}/Manifest.lock\" > /dev/null\nif [ $? != 0 ] ; then\n    # print error to STDERR\n    echo \"error: The sandbox is not in sync with the Podfile.lock. Run 'pod install' or update your CocoaPods installation.\" >&2\n    exit 1\nfi\n# This output is used by Xcode 'outputs' to avoid re-running this script phase.\necho \"SUCCESS\" > \"${SCRIPT_OUTPUT_FILE_0}\"\n";
			showEnvVarsInLog = 0;
		};
		22FE140B2D3B0AE8D3166BE3 /* [CP] Embed Pods Frameworks */ = {
			isa = PBXShellScriptBuildPhase;
			buildActionMask = 2147483647;
			files = (
			);
			inputPaths = (
				"${SRCROOT}/Pods/Target Support Files/Pods-UpcomingMovies/Pods-UpcomingMovies-frameworks.sh",
				"${BUILT_PRODUCTS_DIR}/RxAtomic-iOS11.0/RxAtomic.framework",
				"${BUILT_PRODUCTS_DIR}/RxCocoa/RxCocoa.framework",
				"${BUILT_PRODUCTS_DIR}/RxSwift-iOS11.0/RxSwift.framework",
				"${BUILT_PRODUCTS_DIR}/RxAtomic-iOS12.1/RxAtomic.framework",
				"${BUILT_PRODUCTS_DIR}/RxSwift-iOS12.1/RxSwift.framework",
			);
			name = "[CP] Embed Pods Frameworks";
			outputPaths = (
				"${TARGET_BUILD_DIR}/${FRAMEWORKS_FOLDER_PATH}/RxAtomic.framework",
				"${TARGET_BUILD_DIR}/${FRAMEWORKS_FOLDER_PATH}/RxCocoa.framework",
				"${TARGET_BUILD_DIR}/${FRAMEWORKS_FOLDER_PATH}/RxSwift.framework",
			);
			runOnlyForDeploymentPostprocessing = 0;
			shellPath = /bin/sh;
			shellScript = "\"${SRCROOT}/Pods/Target Support Files/Pods-UpcomingMovies/Pods-UpcomingMovies-frameworks.sh\"\n";
			showEnvVarsInLog = 0;
		};
		2C333303661432DB69902953 /* [CP] Embed Pods Frameworks */ = {
			isa = PBXShellScriptBuildPhase;
			buildActionMask = 2147483647;
			files = (
			);
			inputPaths = (
				"${SRCROOT}/Pods/Target Support Files/Pods-DomainTests/Pods-DomainTests-frameworks.sh",
				"${BUILT_PRODUCTS_DIR}/RxAtomic-iOS12.1/RxAtomic.framework",
				"${BUILT_PRODUCTS_DIR}/RxSwift-iOS12.1/RxSwift.framework",
			);
			name = "[CP] Embed Pods Frameworks";
			outputPaths = (
				"${TARGET_BUILD_DIR}/${FRAMEWORKS_FOLDER_PATH}/RxAtomic.framework",
				"${TARGET_BUILD_DIR}/${FRAMEWORKS_FOLDER_PATH}/RxSwift.framework",
			);
			runOnlyForDeploymentPostprocessing = 0;
			shellPath = /bin/sh;
			shellScript = "\"${SRCROOT}/Pods/Target Support Files/Pods-DomainTests/Pods-DomainTests-frameworks.sh\"\n";
			showEnvVarsInLog = 0;
		};
		47B30B802D4E9A6F2A7C51FB /* [CP] Check Pods Manifest.lock */ = {
			isa = PBXShellScriptBuildPhase;
			buildActionMask = 2147483647;
			files = (
			);
			inputPaths = (
				"${PODS_PODFILE_DIR_PATH}/Podfile.lock",
				"${PODS_ROOT}/Manifest.lock",
			);
			name = "[CP] Check Pods Manifest.lock";
			outputPaths = (
				"$(DERIVED_FILE_DIR)/Pods-NetworkPlatformTests-checkManifestLockResult.txt",
			);
			runOnlyForDeploymentPostprocessing = 0;
			shellPath = /bin/sh;
			shellScript = "diff \"${PODS_PODFILE_DIR_PATH}/Podfile.lock\" \"${PODS_ROOT}/Manifest.lock\" > /dev/null\nif [ $? != 0 ] ; then\n    # print error to STDERR\n    echo \"error: The sandbox is not in sync with the Podfile.lock. Run 'pod install' or update your CocoaPods installation.\" >&2\n    exit 1\nfi\n# This output is used by Xcode 'outputs' to avoid re-running this script phase.\necho \"SUCCESS\" > \"${SCRIPT_OUTPUT_FILE_0}\"\n";
			showEnvVarsInLog = 0;
		};
		83A2D8A95BBA8EDA57B9D1F7 /* [CP] Check Pods Manifest.lock */ = {
			isa = PBXShellScriptBuildPhase;
			buildActionMask = 2147483647;
			files = (
			);
			inputPaths = (
				"${PODS_PODFILE_DIR_PATH}/Podfile.lock",
				"${PODS_ROOT}/Manifest.lock",
			);
			name = "[CP] Check Pods Manifest.lock";
			outputPaths = (
				"$(DERIVED_FILE_DIR)/Pods-UpcomingMoviesTests-checkManifestLockResult.txt",
			);
			runOnlyForDeploymentPostprocessing = 0;
			shellPath = /bin/sh;
			shellScript = "diff \"${PODS_PODFILE_DIR_PATH}/Podfile.lock\" \"${PODS_ROOT}/Manifest.lock\" > /dev/null\nif [ $? != 0 ] ; then\n    # print error to STDERR\n    echo \"error: The sandbox is not in sync with the Podfile.lock. Run 'pod install' or update your CocoaPods installation.\" >&2\n    exit 1\nfi\n# This output is used by Xcode 'outputs' to avoid re-running this script phase.\necho \"SUCCESS\" > \"${SCRIPT_OUTPUT_FILE_0}\"\n";
			showEnvVarsInLog = 0;
		};
		91A2F56D07F5D27C6C4FCF10 /* [CP] Check Pods Manifest.lock */ = {
			isa = PBXShellScriptBuildPhase;
			buildActionMask = 2147483647;
			files = (
			);
			inputPaths = (
				"${PODS_PODFILE_DIR_PATH}/Podfile.lock",
				"${PODS_ROOT}/Manifest.lock",
			);
			name = "[CP] Check Pods Manifest.lock";
			outputPaths = (
				"$(DERIVED_FILE_DIR)/Pods-Domain-checkManifestLockResult.txt",
			);
			runOnlyForDeploymentPostprocessing = 0;
			shellPath = /bin/sh;
			shellScript = "diff \"${PODS_PODFILE_DIR_PATH}/Podfile.lock\" \"${PODS_ROOT}/Manifest.lock\" > /dev/null\nif [ $? != 0 ] ; then\n    # print error to STDERR\n    echo \"error: The sandbox is not in sync with the Podfile.lock. Run 'pod install' or update your CocoaPods installation.\" >&2\n    exit 1\nfi\n# This output is used by Xcode 'outputs' to avoid re-running this script phase.\necho \"SUCCESS\" > \"${SCRIPT_OUTPUT_FILE_0}\"\n";
			showEnvVarsInLog = 0;
		};
		B11330F7E5A190F704ABD79B /* [CP] Check Pods Manifest.lock */ = {
			isa = PBXShellScriptBuildPhase;
			buildActionMask = 2147483647;
			files = (
			);
			inputPaths = (
				"${PODS_PODFILE_DIR_PATH}/Podfile.lock",
				"${PODS_ROOT}/Manifest.lock",
			);
			name = "[CP] Check Pods Manifest.lock";
			outputPaths = (
				"$(DERIVED_FILE_DIR)/Pods-NetworkPlatform-checkManifestLockResult.txt",
			);
			runOnlyForDeploymentPostprocessing = 0;
			shellPath = /bin/sh;
			shellScript = "diff \"${PODS_PODFILE_DIR_PATH}/Podfile.lock\" \"${PODS_ROOT}/Manifest.lock\" > /dev/null\nif [ $? != 0 ] ; then\n    # print error to STDERR\n    echo \"error: The sandbox is not in sync with the Podfile.lock. Run 'pod install' or update your CocoaPods installation.\" >&2\n    exit 1\nfi\n# This output is used by Xcode 'outputs' to avoid re-running this script phase.\necho \"SUCCESS\" > \"${SCRIPT_OUTPUT_FILE_0}\"\n";
			showEnvVarsInLog = 0;
		};
		B30E26542C9A8CF0AD5A1C1C /* [CP] Check Pods Manifest.lock */ = {
			isa = PBXShellScriptBuildPhase;
			buildActionMask = 2147483647;
			files = (
			);
			inputPaths = (
				"${PODS_PODFILE_DIR_PATH}/Podfile.lock",
				"${PODS_ROOT}/Manifest.lock",
			);
			name = "[CP] Check Pods Manifest.lock";
			outputPaths = (
				"$(DERIVED_FILE_DIR)/Pods-DomainTests-checkManifestLockResult.txt",
			);
			runOnlyForDeploymentPostprocessing = 0;
			shellPath = /bin/sh;
			shellScript = "diff \"${PODS_PODFILE_DIR_PATH}/Podfile.lock\" \"${PODS_ROOT}/Manifest.lock\" > /dev/null\nif [ $? != 0 ] ; then\n    # print error to STDERR\n    echo \"error: The sandbox is not in sync with the Podfile.lock. Run 'pod install' or update your CocoaPods installation.\" >&2\n    exit 1\nfi\n# This output is used by Xcode 'outputs' to avoid re-running this script phase.\necho \"SUCCESS\" > \"${SCRIPT_OUTPUT_FILE_0}\"\n";
			showEnvVarsInLog = 0;
		};
		D2DEEB5DBE1CA23A759ECE26 /* [CP] Check Pods Manifest.lock */ = {
			isa = PBXShellScriptBuildPhase;
			buildActionMask = 2147483647;
			files = (
			);
			inputPaths = (
				"${PODS_PODFILE_DIR_PATH}/Podfile.lock",
				"${PODS_ROOT}/Manifest.lock",
			);
			name = "[CP] Check Pods Manifest.lock";
			outputPaths = (
				"$(DERIVED_FILE_DIR)/Pods-UpcomingMovies-checkManifestLockResult.txt",
			);
			runOnlyForDeploymentPostprocessing = 0;
			shellPath = /bin/sh;
			shellScript = "diff \"${PODS_PODFILE_DIR_PATH}/Podfile.lock\" \"${PODS_ROOT}/Manifest.lock\" > /dev/null\nif [ $? != 0 ] ; then\n    # print error to STDERR\n    echo \"error: The sandbox is not in sync with the Podfile.lock. Run 'pod install' or update your CocoaPods installation.\" >&2\n    exit 1\nfi\n# This output is used by Xcode 'outputs' to avoid re-running this script phase.\necho \"SUCCESS\" > \"${SCRIPT_OUTPUT_FILE_0}\"\n";
			showEnvVarsInLog = 0;
		};
		D4C6FEC238A6D8ED31A26EAC /* [CP] Embed Pods Frameworks */ = {
			isa = PBXShellScriptBuildPhase;
			buildActionMask = 2147483647;
			files = (
			);
			inputPaths = (
				"${SRCROOT}/Pods/Target Support Files/Pods-UpcomingMoviesTests/Pods-UpcomingMoviesTests-frameworks.sh",
				"${BUILT_PRODUCTS_DIR}/RxAtomic-iOS11.0/RxAtomic.framework",
				"${BUILT_PRODUCTS_DIR}/RxSwift-iOS11.0/RxSwift.framework",
				"${BUILT_PRODUCTS_DIR}/RxBlocking/RxBlocking.framework",
				"${BUILT_PRODUCTS_DIR}/RxTest/RxTest.framework",
			);
			name = "[CP] Embed Pods Frameworks";
			outputPaths = (
				"${TARGET_BUILD_DIR}/${FRAMEWORKS_FOLDER_PATH}/RxAtomic.framework",
				"${TARGET_BUILD_DIR}/${FRAMEWORKS_FOLDER_PATH}/RxSwift.framework",
				"${TARGET_BUILD_DIR}/${FRAMEWORKS_FOLDER_PATH}/RxBlocking.framework",
				"${TARGET_BUILD_DIR}/${FRAMEWORKS_FOLDER_PATH}/RxTest.framework",
			);
			runOnlyForDeploymentPostprocessing = 0;
			shellPath = /bin/sh;
			shellScript = "\"${SRCROOT}/Pods/Target Support Files/Pods-UpcomingMoviesTests/Pods-UpcomingMoviesTests-frameworks.sh\"\n";
			showEnvVarsInLog = 0;
		};
		DEAAA0C216144E06EC621DB0 /* [CP] Embed Pods Frameworks */ = {
			isa = PBXShellScriptBuildPhase;
			buildActionMask = 2147483647;
			files = (
			);
			inputPaths = (
				"${SRCROOT}/Pods/Target Support Files/Pods-NetworkPlatformTests/Pods-NetworkPlatformTests-frameworks.sh",
				"${BUILT_PRODUCTS_DIR}/RxAtomic-iOS12.1/RxAtomic.framework",
				"${BUILT_PRODUCTS_DIR}/RxSwift-iOS12.1/RxSwift.framework",
			);
			name = "[CP] Embed Pods Frameworks";
			outputPaths = (
				"${TARGET_BUILD_DIR}/${FRAMEWORKS_FOLDER_PATH}/RxAtomic.framework",
				"${TARGET_BUILD_DIR}/${FRAMEWORKS_FOLDER_PATH}/RxSwift.framework",
			);
			runOnlyForDeploymentPostprocessing = 0;
			shellPath = /bin/sh;
			shellScript = "\"${SRCROOT}/Pods/Target Support Files/Pods-NetworkPlatformTests/Pods-NetworkPlatformTests-frameworks.sh\"\n";
			showEnvVarsInLog = 0;
		};
/* End PBXShellScriptBuildPhase section */

/* Begin PBXSourcesBuildPhase section */
		7FD9A111219F64FE006B1CB3 /* Sources */ = {
			isa = PBXSourcesBuildPhase;
			buildActionMask = 2147483647;
			files = (
				7FD9A24E21A07C0D006B1CB3 /* Extension+Observable.swift in Sources */,
				7FD9A23821A04AEE006B1CB3 /* Application.swift in Sources */,
				7FD9A200219F77E9006B1CB3 /* Extension+UIStoryboard.swift in Sources */,
				7FD9A208219F78A7006B1CB3 /* MoviesNavigator.swift in Sources */,
				7FD9A201219F77E9006B1CB3 /* Extension+Reusable.swift in Sources */,
				7FD9A203219F77F6006B1CB3 /* ViewModelType.swift in Sources */,
				7FD9A24C21A07B82006B1CB3 /* ErrorTracker.swift in Sources */,
				7FD9A24221A05C8D006B1CB3 /* MovieItemViewModel.swift in Sources */,
				7FD9A119219F64FE006B1CB3 /* AppDelegate.swift in Sources */,
				7FD9A23D21A05B6E006B1CB3 /* ActivityIndicator.swift in Sources */,
				7FD9A206219F7892006B1CB3 /* MoviesViewController.swift in Sources */,
				7FD9A23A21A0585B006B1CB3 /* Extension+UITableView.swift in Sources */,
				7FD9A20A219F78B7006B1CB3 /* MoviesViewModel.swift in Sources */,
				7FD9A24421A0605C006B1CB3 /* MovieTableViewCell.swift in Sources */,
			);
			runOnlyForDeploymentPostprocessing = 0;
		};
		7FD9A125219F6502006B1CB3 /* Sources */ = {
			isa = PBXSourcesBuildPhase;
			buildActionMask = 2147483647;
			files = (
				7FD9A12E219F6502006B1CB3 /* UpcomingMoviesTests.swift in Sources */,
			);
			runOnlyForDeploymentPostprocessing = 0;
		};
		7FD9A130219F6502006B1CB3 /* Sources */ = {
			isa = PBXSourcesBuildPhase;
			buildActionMask = 2147483647;
			files = (
				7FD9A139219F6502006B1CB3 /* UpcomingMoviesUITests.swift in Sources */,
			);
			runOnlyForDeploymentPostprocessing = 0;
		};
		7FD9A194219F6B41006B1CB3 /* Sources */ = {
			isa = PBXSourcesBuildPhase;
			buildActionMask = 2147483647;
			files = (
				7FD9A213219FA612006B1CB3 /* MoviesUseCase.swift in Sources */,
				7FD9A217219FA74F006B1CB3 /* UseCaseProvider.swift in Sources */,
				7FD9A210219FA2B1006B1CB3 /* Movie.swift in Sources */,
				7FD9A215219FA66E006B1CB3 /* Movies.swift in Sources */,
				7FD9A20E219F9FBD006B1CB3 /* Genre.swift in Sources */,
			);
			runOnlyForDeploymentPostprocessing = 0;
		};
		7FD9A19C219F6B41006B1CB3 /* Sources */ = {
			isa = PBXSourcesBuildPhase;
			buildActionMask = 2147483647;
			files = (
				7FD9A1A8219F6B41006B1CB3 /* DomainTests.swift in Sources */,
			);
			runOnlyForDeploymentPostprocessing = 0;
		};
		7FD9A1D9219F6C6C006B1CB3 /* Sources */ = {
			isa = PBXSourcesBuildPhase;
			buildActionMask = 2147483647;
			files = (
				7FD9A22F21A01BCA006B1CB3 /* MoviesUseCase.swift in Sources */,
				7FD9A21D219FA7DF006B1CB3 /* UseCaseProvider.swift in Sources */,
				7FD9A22D219FBD02006B1CB3 /* UrlsHelper.swift in Sources */,
				7FD9A224219FB3A6006B1CB3 /* TheMovieDatabase.swift in Sources */,
			);
			runOnlyForDeploymentPostprocessing = 0;
		};
		7FD9A1E1219F6C6D006B1CB3 /* Sources */ = {
			isa = PBXSourcesBuildPhase;
			buildActionMask = 2147483647;
			files = (
				7FD9A1ED219F6C6D006B1CB3 /* NetworkPlatformTests.swift in Sources */,
			);
			runOnlyForDeploymentPostprocessing = 0;
		};
/* End PBXSourcesBuildPhase section */

/* Begin PBXTargetDependency section */
		7FD9A12B219F6502006B1CB3 /* PBXTargetDependency */ = {
			isa = PBXTargetDependency;
			target = 7FD9A114219F64FE006B1CB3 /* UpcomingMovies */;
			targetProxy = 7FD9A12A219F6502006B1CB3 /* PBXContainerItemProxy */;
		};
		7FD9A136219F6502006B1CB3 /* PBXTargetDependency */ = {
			isa = PBXTargetDependency;
			target = 7FD9A114219F64FE006B1CB3 /* UpcomingMovies */;
			targetProxy = 7FD9A135219F6502006B1CB3 /* PBXContainerItemProxy */;
		};
		7FD9A1A3219F6B41006B1CB3 /* PBXTargetDependency */ = {
			isa = PBXTargetDependency;
			target = 7FD9A197219F6B41006B1CB3 /* Domain */;
			targetProxy = 7FD9A1A2219F6B41006B1CB3 /* PBXContainerItemProxy */;
		};
		7FD9A1A5219F6B41006B1CB3 /* PBXTargetDependency */ = {
			isa = PBXTargetDependency;
			target = 7FD9A114219F64FE006B1CB3 /* UpcomingMovies */;
			targetProxy = 7FD9A1A4219F6B41006B1CB3 /* PBXContainerItemProxy */;
		};
		7FD9A1AC219F6B42006B1CB3 /* PBXTargetDependency */ = {
			isa = PBXTargetDependency;
			target = 7FD9A197219F6B41006B1CB3 /* Domain */;
			targetProxy = 7FD9A1AB219F6B42006B1CB3 /* PBXContainerItemProxy */;
		};
		7FD9A1E8219F6C6D006B1CB3 /* PBXTargetDependency */ = {
			isa = PBXTargetDependency;
			target = 7FD9A1DC219F6C6C006B1CB3 /* NetworkPlatform */;
			targetProxy = 7FD9A1E7219F6C6D006B1CB3 /* PBXContainerItemProxy */;
		};
		7FD9A1EA219F6C6D006B1CB3 /* PBXTargetDependency */ = {
			isa = PBXTargetDependency;
			target = 7FD9A114219F64FE006B1CB3 /* UpcomingMovies */;
			targetProxy = 7FD9A1E9219F6C6D006B1CB3 /* PBXContainerItemProxy */;
		};
		7FD9A1F1219F6C6D006B1CB3 /* PBXTargetDependency */ = {
			isa = PBXTargetDependency;
			target = 7FD9A1DC219F6C6C006B1CB3 /* NetworkPlatform */;
			targetProxy = 7FD9A1F0219F6C6D006B1CB3 /* PBXContainerItemProxy */;
		};
/* End PBXTargetDependency section */

/* Begin PBXVariantGroup section */
		7FD9A11C219F64FE006B1CB3 /* Main.storyboard */ = {
			isa = PBXVariantGroup;
			children = (
				7FD9A11D219F64FE006B1CB3 /* Base */,
			);
			name = Main.storyboard;
			sourceTree = "<group>";
		};
		7FD9A121219F6502006B1CB3 /* LaunchScreen.storyboard */ = {
			isa = PBXVariantGroup;
			children = (
				7FD9A122219F6502006B1CB3 /* Base */,
			);
			name = LaunchScreen.storyboard;
			sourceTree = "<group>";
		};
/* End PBXVariantGroup section */

/* Begin XCBuildConfiguration section */
		7FD9A13B219F6502006B1CB3 /* Debug */ = {
			isa = XCBuildConfiguration;
			buildSettings = {
				ALWAYS_SEARCH_USER_PATHS = NO;
				CLANG_ANALYZER_NONNULL = YES;
				CLANG_ANALYZER_NUMBER_OBJECT_CONVERSION = YES_AGGRESSIVE;
				CLANG_CXX_LANGUAGE_STANDARD = "gnu++14";
				CLANG_CXX_LIBRARY = "libc++";
				CLANG_ENABLE_MODULES = YES;
				CLANG_ENABLE_OBJC_ARC = YES;
				CLANG_ENABLE_OBJC_WEAK = YES;
				CLANG_WARN_BLOCK_CAPTURE_AUTORELEASING = YES;
				CLANG_WARN_BOOL_CONVERSION = YES;
				CLANG_WARN_COMMA = YES;
				CLANG_WARN_CONSTANT_CONVERSION = YES;
				CLANG_WARN_DEPRECATED_OBJC_IMPLEMENTATIONS = YES;
				CLANG_WARN_DIRECT_OBJC_ISA_USAGE = YES_ERROR;
				CLANG_WARN_DOCUMENTATION_COMMENTS = YES;
				CLANG_WARN_EMPTY_BODY = YES;
				CLANG_WARN_ENUM_CONVERSION = YES;
				CLANG_WARN_INFINITE_RECURSION = YES;
				CLANG_WARN_INT_CONVERSION = YES;
				CLANG_WARN_NON_LITERAL_NULL_CONVERSION = YES;
				CLANG_WARN_OBJC_IMPLICIT_RETAIN_SELF = YES;
				CLANG_WARN_OBJC_LITERAL_CONVERSION = YES;
				CLANG_WARN_OBJC_ROOT_CLASS = YES_ERROR;
				CLANG_WARN_RANGE_LOOP_ANALYSIS = YES;
				CLANG_WARN_STRICT_PROTOTYPES = YES;
				CLANG_WARN_SUSPICIOUS_MOVE = YES;
				CLANG_WARN_UNGUARDED_AVAILABILITY = YES_AGGRESSIVE;
				CLANG_WARN_UNREACHABLE_CODE = YES;
				CLANG_WARN__DUPLICATE_METHOD_MATCH = YES;
				CODE_SIGN_IDENTITY = "iPhone Developer";
				COPY_PHASE_STRIP = NO;
				DEBUG_INFORMATION_FORMAT = dwarf;
				ENABLE_STRICT_OBJC_MSGSEND = YES;
				ENABLE_TESTABILITY = YES;
				GCC_C_LANGUAGE_STANDARD = gnu11;
				GCC_DYNAMIC_NO_PIC = NO;
				GCC_NO_COMMON_BLOCKS = YES;
				GCC_OPTIMIZATION_LEVEL = 0;
				GCC_PREPROCESSOR_DEFINITIONS = (
					"DEBUG=1",
					"$(inherited)",
				);
				GCC_WARN_64_TO_32_BIT_CONVERSION = YES;
				GCC_WARN_ABOUT_RETURN_TYPE = YES_ERROR;
				GCC_WARN_UNDECLARED_SELECTOR = YES;
				GCC_WARN_UNINITIALIZED_AUTOS = YES_AGGRESSIVE;
				GCC_WARN_UNUSED_FUNCTION = YES;
				GCC_WARN_UNUSED_VARIABLE = YES;
				IPHONEOS_DEPLOYMENT_TARGET = 12.1;
				MTL_ENABLE_DEBUG_INFO = INCLUDE_SOURCE;
				MTL_FAST_MATH = YES;
				ONLY_ACTIVE_ARCH = YES;
				SDKROOT = iphoneos;
				SWIFT_ACTIVE_COMPILATION_CONDITIONS = DEBUG;
				SWIFT_OPTIMIZATION_LEVEL = "-Onone";
			};
			name = Debug;
		};
		7FD9A13C219F6502006B1CB3 /* Release */ = {
			isa = XCBuildConfiguration;
			buildSettings = {
				ALWAYS_SEARCH_USER_PATHS = NO;
				CLANG_ANALYZER_NONNULL = YES;
				CLANG_ANALYZER_NUMBER_OBJECT_CONVERSION = YES_AGGRESSIVE;
				CLANG_CXX_LANGUAGE_STANDARD = "gnu++14";
				CLANG_CXX_LIBRARY = "libc++";
				CLANG_ENABLE_MODULES = YES;
				CLANG_ENABLE_OBJC_ARC = YES;
				CLANG_ENABLE_OBJC_WEAK = YES;
				CLANG_WARN_BLOCK_CAPTURE_AUTORELEASING = YES;
				CLANG_WARN_BOOL_CONVERSION = YES;
				CLANG_WARN_COMMA = YES;
				CLANG_WARN_CONSTANT_CONVERSION = YES;
				CLANG_WARN_DEPRECATED_OBJC_IMPLEMENTATIONS = YES;
				CLANG_WARN_DIRECT_OBJC_ISA_USAGE = YES_ERROR;
				CLANG_WARN_DOCUMENTATION_COMMENTS = YES;
				CLANG_WARN_EMPTY_BODY = YES;
				CLANG_WARN_ENUM_CONVERSION = YES;
				CLANG_WARN_INFINITE_RECURSION = YES;
				CLANG_WARN_INT_CONVERSION = YES;
				CLANG_WARN_NON_LITERAL_NULL_CONVERSION = YES;
				CLANG_WARN_OBJC_IMPLICIT_RETAIN_SELF = YES;
				CLANG_WARN_OBJC_LITERAL_CONVERSION = YES;
				CLANG_WARN_OBJC_ROOT_CLASS = YES_ERROR;
				CLANG_WARN_RANGE_LOOP_ANALYSIS = YES;
				CLANG_WARN_STRICT_PROTOTYPES = YES;
				CLANG_WARN_SUSPICIOUS_MOVE = YES;
				CLANG_WARN_UNGUARDED_AVAILABILITY = YES_AGGRESSIVE;
				CLANG_WARN_UNREACHABLE_CODE = YES;
				CLANG_WARN__DUPLICATE_METHOD_MATCH = YES;
				CODE_SIGN_IDENTITY = "iPhone Developer";
				COPY_PHASE_STRIP = NO;
				DEBUG_INFORMATION_FORMAT = "dwarf-with-dsym";
				ENABLE_NS_ASSERTIONS = NO;
				ENABLE_STRICT_OBJC_MSGSEND = YES;
				GCC_C_LANGUAGE_STANDARD = gnu11;
				GCC_NO_COMMON_BLOCKS = YES;
				GCC_WARN_64_TO_32_BIT_CONVERSION = YES;
				GCC_WARN_ABOUT_RETURN_TYPE = YES_ERROR;
				GCC_WARN_UNDECLARED_SELECTOR = YES;
				GCC_WARN_UNINITIALIZED_AUTOS = YES_AGGRESSIVE;
				GCC_WARN_UNUSED_FUNCTION = YES;
				GCC_WARN_UNUSED_VARIABLE = YES;
				IPHONEOS_DEPLOYMENT_TARGET = 12.1;
				MTL_ENABLE_DEBUG_INFO = NO;
				MTL_FAST_MATH = YES;
				SDKROOT = iphoneos;
				SWIFT_COMPILATION_MODE = wholemodule;
				SWIFT_OPTIMIZATION_LEVEL = "-O";
				VALIDATE_PRODUCT = YES;
			};
			name = Release;
		};
		7FD9A13E219F6502006B1CB3 /* Debug */ = {
			isa = XCBuildConfiguration;
			baseConfigurationReference = 2BEB6F2037DAD31DE573EB03 /* Pods-UpcomingMovies.debug.xcconfig */;
			buildSettings = {
				ALWAYS_EMBED_SWIFT_STANDARD_LIBRARIES = YES;
				ASSETCATALOG_COMPILER_APPICON_NAME = AppIcon;
				CODE_SIGN_STYLE = Automatic;
				DEVELOPMENT_TEAM = 53C6599AS3;
				INFOPLIST_FILE = UpcomingMovies/Info.plist;
				IPHONEOS_DEPLOYMENT_TARGET = 11.0;
				LD_RUNPATH_SEARCH_PATHS = (
					"$(inherited)",
					"@executable_path/Frameworks",
				);
				PRODUCT_BUNDLE_IDENTIFIER = br.com.tatianefx.UpcomingMovies;
				PRODUCT_NAME = "$(TARGET_NAME)";
				SWIFT_VERSION = 4.2;
				TARGETED_DEVICE_FAMILY = "1,2";
			};
			name = Debug;
		};
		7FD9A13F219F6502006B1CB3 /* Release */ = {
			isa = XCBuildConfiguration;
			baseConfigurationReference = 079F257F592D0D3BF7875C97 /* Pods-UpcomingMovies.release.xcconfig */;
			buildSettings = {
				ALWAYS_EMBED_SWIFT_STANDARD_LIBRARIES = YES;
				ASSETCATALOG_COMPILER_APPICON_NAME = AppIcon;
				CODE_SIGN_STYLE = Automatic;
				DEVELOPMENT_TEAM = 53C6599AS3;
				INFOPLIST_FILE = UpcomingMovies/Info.plist;
				IPHONEOS_DEPLOYMENT_TARGET = 11.0;
				LD_RUNPATH_SEARCH_PATHS = (
					"$(inherited)",
					"@executable_path/Frameworks",
				);
				PRODUCT_BUNDLE_IDENTIFIER = br.com.tatianefx.UpcomingMovies;
				PRODUCT_NAME = "$(TARGET_NAME)";
				SWIFT_VERSION = 4.2;
				TARGETED_DEVICE_FAMILY = "1,2";
			};
			name = Release;
		};
		7FD9A141219F6502006B1CB3 /* Debug */ = {
			isa = XCBuildConfiguration;
			baseConfigurationReference = 312F310E9D0A0A461ACEC2AE /* Pods-UpcomingMoviesTests.debug.xcconfig */;
			buildSettings = {
				ALWAYS_EMBED_SWIFT_STANDARD_LIBRARIES = YES;
				BUNDLE_LOADER = "$(TEST_HOST)";
				CODE_SIGN_STYLE = Automatic;
				DEVELOPMENT_TEAM = 53C6599AS3;
				INFOPLIST_FILE = UpcomingMoviesTests/Info.plist;
				LD_RUNPATH_SEARCH_PATHS = (
					"$(inherited)",
					"@executable_path/Frameworks",
					"@loader_path/Frameworks",
				);
				PRODUCT_BUNDLE_IDENTIFIER = br.com.tatianefx.UpcomingMoviesTests;
				PRODUCT_NAME = "$(TARGET_NAME)";
				SWIFT_VERSION = 4.2;
				TARGETED_DEVICE_FAMILY = "1,2";
				TEST_HOST = "$(BUILT_PRODUCTS_DIR)/UpcomingMovies.app/UpcomingMovies";
			};
			name = Debug;
		};
		7FD9A142219F6502006B1CB3 /* Release */ = {
			isa = XCBuildConfiguration;
			baseConfigurationReference = B1123D33B1ABD6CE0E890702 /* Pods-UpcomingMoviesTests.release.xcconfig */;
			buildSettings = {
				ALWAYS_EMBED_SWIFT_STANDARD_LIBRARIES = YES;
				BUNDLE_LOADER = "$(TEST_HOST)";
				CODE_SIGN_STYLE = Automatic;
				DEVELOPMENT_TEAM = 53C6599AS3;
				INFOPLIST_FILE = UpcomingMoviesTests/Info.plist;
				LD_RUNPATH_SEARCH_PATHS = (
					"$(inherited)",
					"@executable_path/Frameworks",
					"@loader_path/Frameworks",
				);
				PRODUCT_BUNDLE_IDENTIFIER = br.com.tatianefx.UpcomingMoviesTests;
				PRODUCT_NAME = "$(TARGET_NAME)";
				SWIFT_VERSION = 4.2;
				TARGETED_DEVICE_FAMILY = "1,2";
				TEST_HOST = "$(BUILT_PRODUCTS_DIR)/UpcomingMovies.app/UpcomingMovies";
			};
			name = Release;
		};
		7FD9A144219F6502006B1CB3 /* Debug */ = {
			isa = XCBuildConfiguration;
			baseConfigurationReference = 8FC199C0EE9639C4DD870CF1 /* Pods-UpcomingMoviesUITests.debug.xcconfig */;
			buildSettings = {
				ALWAYS_EMBED_SWIFT_STANDARD_LIBRARIES = YES;
				CODE_SIGN_STYLE = Automatic;
				DEVELOPMENT_TEAM = 53C6599AS3;
				INFOPLIST_FILE = UpcomingMoviesUITests/Info.plist;
				LD_RUNPATH_SEARCH_PATHS = (
					"$(inherited)",
					"@executable_path/Frameworks",
					"@loader_path/Frameworks",
				);
				PRODUCT_BUNDLE_IDENTIFIER = br.com.tatianefx.UpcomingMoviesUITests;
				PRODUCT_NAME = "$(TARGET_NAME)";
				SWIFT_VERSION = 4.2;
				TARGETED_DEVICE_FAMILY = "1,2";
				TEST_TARGET_NAME = UpcomingMovies;
			};
			name = Debug;
		};
		7FD9A145219F6502006B1CB3 /* Release */ = {
			isa = XCBuildConfiguration;
			baseConfigurationReference = 5501ADFF3960211ECC2AA752 /* Pods-UpcomingMoviesUITests.release.xcconfig */;
			buildSettings = {
				ALWAYS_EMBED_SWIFT_STANDARD_LIBRARIES = YES;
				CODE_SIGN_STYLE = Automatic;
				DEVELOPMENT_TEAM = 53C6599AS3;
				INFOPLIST_FILE = UpcomingMoviesUITests/Info.plist;
				LD_RUNPATH_SEARCH_PATHS = (
					"$(inherited)",
					"@executable_path/Frameworks",
					"@loader_path/Frameworks",
				);
				PRODUCT_BUNDLE_IDENTIFIER = br.com.tatianefx.UpcomingMoviesUITests;
				PRODUCT_NAME = "$(TARGET_NAME)";
				SWIFT_VERSION = 4.2;
				TARGETED_DEVICE_FAMILY = "1,2";
				TEST_TARGET_NAME = UpcomingMovies;
			};
			name = Release;
		};
		7FD9A1AF219F6B42006B1CB3 /* Debug */ = {
			isa = XCBuildConfiguration;
			baseConfigurationReference = 1A08FBDA85308F9507B08C93 /* Pods-Domain.debug.xcconfig */;
			buildSettings = {
				CLANG_ENABLE_MODULES = YES;
				CODE_SIGN_IDENTITY = "";
				CODE_SIGN_STYLE = Automatic;
				CURRENT_PROJECT_VERSION = 1;
				DEFINES_MODULE = YES;
				DEVELOPMENT_TEAM = 53C6599AS3;
				DYLIB_COMPATIBILITY_VERSION = 1;
				DYLIB_CURRENT_VERSION = 1;
				DYLIB_INSTALL_NAME_BASE = "@rpath";
				INFOPLIST_FILE = Domain/Info.plist;
				INSTALL_PATH = "$(LOCAL_LIBRARY_DIR)/Frameworks";
				IPHONEOS_DEPLOYMENT_TARGET = 11.0;
				LD_RUNPATH_SEARCH_PATHS = (
					"$(inherited)",
					"@executable_path/Frameworks",
					"@loader_path/Frameworks",
				);
				PRODUCT_BUNDLE_IDENTIFIER = br.com.tatianefx.Domain;
				PRODUCT_NAME = "$(TARGET_NAME:c99extidentifier)";
				SKIP_INSTALL = YES;
				SWIFT_OPTIMIZATION_LEVEL = "-Onone";
				SWIFT_VERSION = 4.2;
				TARGETED_DEVICE_FAMILY = "1,2";
				VERSIONING_SYSTEM = "apple-generic";
				VERSION_INFO_PREFIX = "";
			};
			name = Debug;
		};
		7FD9A1B0219F6B42006B1CB3 /* Release */ = {
			isa = XCBuildConfiguration;
			baseConfigurationReference = 7927E70378B0B09B29AA7523 /* Pods-Domain.release.xcconfig */;
			buildSettings = {
				CLANG_ENABLE_MODULES = YES;
				CODE_SIGN_IDENTITY = "";
				CODE_SIGN_STYLE = Automatic;
				CURRENT_PROJECT_VERSION = 1;
				DEFINES_MODULE = YES;
				DEVELOPMENT_TEAM = 53C6599AS3;
				DYLIB_COMPATIBILITY_VERSION = 1;
				DYLIB_CURRENT_VERSION = 1;
				DYLIB_INSTALL_NAME_BASE = "@rpath";
				INFOPLIST_FILE = Domain/Info.plist;
				INSTALL_PATH = "$(LOCAL_LIBRARY_DIR)/Frameworks";
				IPHONEOS_DEPLOYMENT_TARGET = 11.0;
				LD_RUNPATH_SEARCH_PATHS = (
					"$(inherited)",
					"@executable_path/Frameworks",
					"@loader_path/Frameworks",
				);
				PRODUCT_BUNDLE_IDENTIFIER = br.com.tatianefx.Domain;
				PRODUCT_NAME = "$(TARGET_NAME:c99extidentifier)";
				SKIP_INSTALL = YES;
				SWIFT_VERSION = 4.2;
				TARGETED_DEVICE_FAMILY = "1,2";
				VERSIONING_SYSTEM = "apple-generic";
				VERSION_INFO_PREFIX = "";
			};
			name = Release;
		};
		7FD9A1B1219F6B42006B1CB3 /* Debug */ = {
			isa = XCBuildConfiguration;
			baseConfigurationReference = C8B5BAAEBEE491009661E124 /* Pods-DomainTests.debug.xcconfig */;
			buildSettings = {
				ALWAYS_EMBED_SWIFT_STANDARD_LIBRARIES = YES;
				CODE_SIGN_STYLE = Automatic;
				DEVELOPMENT_TEAM = 53C6599AS3;
				INFOPLIST_FILE = DomainTests/Info.plist;
				LD_RUNPATH_SEARCH_PATHS = (
					"$(inherited)",
					"@executable_path/Frameworks",
					"@loader_path/Frameworks",
				);
				PRODUCT_BUNDLE_IDENTIFIER = br.com.tatianefx.DomainTests;
				PRODUCT_NAME = "$(TARGET_NAME)";
				SWIFT_VERSION = 4.2;
				TARGETED_DEVICE_FAMILY = "1,2";
				TEST_HOST = "$(BUILT_PRODUCTS_DIR)/UpcomingMovies.app/UpcomingMovies";
			};
			name = Debug;
		};
		7FD9A1B2219F6B42006B1CB3 /* Release */ = {
			isa = XCBuildConfiguration;
			baseConfigurationReference = BAED557C7DFDE32382B603FD /* Pods-DomainTests.release.xcconfig */;
			buildSettings = {
				ALWAYS_EMBED_SWIFT_STANDARD_LIBRARIES = YES;
				CODE_SIGN_STYLE = Automatic;
				DEVELOPMENT_TEAM = 53C6599AS3;
				INFOPLIST_FILE = DomainTests/Info.plist;
				LD_RUNPATH_SEARCH_PATHS = (
					"$(inherited)",
					"@executable_path/Frameworks",
					"@loader_path/Frameworks",
				);
				PRODUCT_BUNDLE_IDENTIFIER = br.com.tatianefx.DomainTests;
				PRODUCT_NAME = "$(TARGET_NAME)";
				SWIFT_VERSION = 4.2;
				TARGETED_DEVICE_FAMILY = "1,2";
				TEST_HOST = "$(BUILT_PRODUCTS_DIR)/UpcomingMovies.app/UpcomingMovies";
			};
			name = Release;
		};
		7FD9A1F5219F6C6D006B1CB3 /* Debug */ = {
			isa = XCBuildConfiguration;
			baseConfigurationReference = D0039795803C06954FD2B86B /* Pods-NetworkPlatform.debug.xcconfig */;
			buildSettings = {
				CODE_SIGN_IDENTITY = "";
				CODE_SIGN_STYLE = Automatic;
				CURRENT_PROJECT_VERSION = 1;
				DEFINES_MODULE = YES;
				DEVELOPMENT_TEAM = 53C6599AS3;
				DYLIB_COMPATIBILITY_VERSION = 1;
				DYLIB_CURRENT_VERSION = 1;
				DYLIB_INSTALL_NAME_BASE = "@rpath";
				INFOPLIST_FILE = NetworkPlatform/Info.plist;
				INSTALL_PATH = "$(LOCAL_LIBRARY_DIR)/Frameworks";
				IPHONEOS_DEPLOYMENT_TARGET = 11.0;
				LD_RUNPATH_SEARCH_PATHS = (
					"$(inherited)",
					"@executable_path/Frameworks",
					"@loader_path/Frameworks",
				);
				PRODUCT_BUNDLE_IDENTIFIER = br.com.tatianefx.NetworkPlatform;
				PRODUCT_NAME = "$(TARGET_NAME:c99extidentifier)";
				SKIP_INSTALL = YES;
				SWIFT_VERSION = 4.2;
				TARGETED_DEVICE_FAMILY = "1,2";
				VERSIONING_SYSTEM = "apple-generic";
				VERSION_INFO_PREFIX = "";
			};
			name = Debug;
		};
		7FD9A1F6219F6C6D006B1CB3 /* Release */ = {
			isa = XCBuildConfiguration;
			baseConfigurationReference = 27A1E94B90ED1E6B32AF0825 /* Pods-NetworkPlatform.release.xcconfig */;
			buildSettings = {
				CODE_SIGN_IDENTITY = "";
				CODE_SIGN_STYLE = Automatic;
				CURRENT_PROJECT_VERSION = 1;
				DEFINES_MODULE = YES;
				DEVELOPMENT_TEAM = 53C6599AS3;
				DYLIB_COMPATIBILITY_VERSION = 1;
				DYLIB_CURRENT_VERSION = 1;
				DYLIB_INSTALL_NAME_BASE = "@rpath";
				INFOPLIST_FILE = NetworkPlatform/Info.plist;
				INSTALL_PATH = "$(LOCAL_LIBRARY_DIR)/Frameworks";
				IPHONEOS_DEPLOYMENT_TARGET = 11.0;
				LD_RUNPATH_SEARCH_PATHS = (
					"$(inherited)",
					"@executable_path/Frameworks",
					"@loader_path/Frameworks",
				);
				PRODUCT_BUNDLE_IDENTIFIER = br.com.tatianefx.NetworkPlatform;
				PRODUCT_NAME = "$(TARGET_NAME:c99extidentifier)";
				SKIP_INSTALL = YES;
				SWIFT_VERSION = 4.2;
				TARGETED_DEVICE_FAMILY = "1,2";
				VERSIONING_SYSTEM = "apple-generic";
				VERSION_INFO_PREFIX = "";
			};
			name = Release;
		};
		7FD9A1F8219F6C6D006B1CB3 /* Debug */ = {
			isa = XCBuildConfiguration;
			baseConfigurationReference = 42D6DC7399FE3194156CC0B3 /* Pods-NetworkPlatformTests.debug.xcconfig */;
			buildSettings = {
				ALWAYS_EMBED_SWIFT_STANDARD_LIBRARIES = YES;
				CODE_SIGN_STYLE = Automatic;
				DEVELOPMENT_TEAM = 53C6599AS3;
				INFOPLIST_FILE = NetworkPlatformTests/Info.plist;
				LD_RUNPATH_SEARCH_PATHS = (
					"$(inherited)",
					"@executable_path/Frameworks",
					"@loader_path/Frameworks",
				);
				PRODUCT_BUNDLE_IDENTIFIER = br.com.tatianefx.NetworkPlatformTests;
				PRODUCT_NAME = "$(TARGET_NAME)";
				SWIFT_VERSION = 4.2;
				TARGETED_DEVICE_FAMILY = "1,2";
				TEST_HOST = "$(BUILT_PRODUCTS_DIR)/UpcomingMovies.app/UpcomingMovies";
			};
			name = Debug;
		};
		7FD9A1F9219F6C6D006B1CB3 /* Release */ = {
			isa = XCBuildConfiguration;
			baseConfigurationReference = 7F045DBDBD99EF4FC5C8AD0C /* Pods-NetworkPlatformTests.release.xcconfig */;
			buildSettings = {
				ALWAYS_EMBED_SWIFT_STANDARD_LIBRARIES = YES;
				CODE_SIGN_STYLE = Automatic;
				DEVELOPMENT_TEAM = 53C6599AS3;
				INFOPLIST_FILE = NetworkPlatformTests/Info.plist;
				LD_RUNPATH_SEARCH_PATHS = (
					"$(inherited)",
					"@executable_path/Frameworks",
					"@loader_path/Frameworks",
				);
				PRODUCT_BUNDLE_IDENTIFIER = br.com.tatianefx.NetworkPlatformTests;
				PRODUCT_NAME = "$(TARGET_NAME)";
				SWIFT_VERSION = 4.2;
				TARGETED_DEVICE_FAMILY = "1,2";
				TEST_HOST = "$(BUILT_PRODUCTS_DIR)/UpcomingMovies.app/UpcomingMovies";
			};
			name = Release;
		};
/* End XCBuildConfiguration section */

/* Begin XCConfigurationList section */
		7FD9A110219F64FE006B1CB3 /* Build configuration list for PBXProject "UpcomingMovies" */ = {
			isa = XCConfigurationList;
			buildConfigurations = (
				7FD9A13B219F6502006B1CB3 /* Debug */,
				7FD9A13C219F6502006B1CB3 /* Release */,
			);
			defaultConfigurationIsVisible = 0;
			defaultConfigurationName = Release;
		};
		7FD9A13D219F6502006B1CB3 /* Build configuration list for PBXNativeTarget "UpcomingMovies" */ = {
			isa = XCConfigurationList;
			buildConfigurations = (
				7FD9A13E219F6502006B1CB3 /* Debug */,
				7FD9A13F219F6502006B1CB3 /* Release */,
			);
			defaultConfigurationIsVisible = 0;
			defaultConfigurationName = Release;
		};
		7FD9A140219F6502006B1CB3 /* Build configuration list for PBXNativeTarget "UpcomingMoviesTests" */ = {
			isa = XCConfigurationList;
			buildConfigurations = (
				7FD9A141219F6502006B1CB3 /* Debug */,
				7FD9A142219F6502006B1CB3 /* Release */,
			);
			defaultConfigurationIsVisible = 0;
			defaultConfigurationName = Release;
		};
		7FD9A143219F6502006B1CB3 /* Build configuration list for PBXNativeTarget "UpcomingMoviesUITests" */ = {
			isa = XCConfigurationList;
			buildConfigurations = (
				7FD9A144219F6502006B1CB3 /* Debug */,
				7FD9A145219F6502006B1CB3 /* Release */,
			);
			defaultConfigurationIsVisible = 0;
			defaultConfigurationName = Release;
		};
		7FD9A1B3219F6B42006B1CB3 /* Build configuration list for PBXNativeTarget "Domain" */ = {
			isa = XCConfigurationList;
			buildConfigurations = (
				7FD9A1AF219F6B42006B1CB3 /* Debug */,
				7FD9A1B0219F6B42006B1CB3 /* Release */,
			);
			defaultConfigurationIsVisible = 0;
			defaultConfigurationName = Release;
		};
		7FD9A1B5219F6B42006B1CB3 /* Build configuration list for PBXNativeTarget "DomainTests" */ = {
			isa = XCConfigurationList;
			buildConfigurations = (
				7FD9A1B1219F6B42006B1CB3 /* Debug */,
				7FD9A1B2219F6B42006B1CB3 /* Release */,
			);
			defaultConfigurationIsVisible = 0;
			defaultConfigurationName = Release;
		};
		7FD9A1F4219F6C6D006B1CB3 /* Build configuration list for PBXNativeTarget "NetworkPlatform" */ = {
			isa = XCConfigurationList;
			buildConfigurations = (
				7FD9A1F5219F6C6D006B1CB3 /* Debug */,
				7FD9A1F6219F6C6D006B1CB3 /* Release */,
			);
			defaultConfigurationIsVisible = 0;
			defaultConfigurationName = Release;
		};
		7FD9A1F7219F6C6D006B1CB3 /* Build configuration list for PBXNativeTarget "NetworkPlatformTests" */ = {
			isa = XCConfigurationList;
			buildConfigurations = (
				7FD9A1F8219F6C6D006B1CB3 /* Debug */,
				7FD9A1F9219F6C6D006B1CB3 /* Release */,
			);
			defaultConfigurationIsVisible = 0;
			defaultConfigurationName = Release;
		};
/* End XCConfigurationList section */
	};
	rootObject = 7FD9A10D219F64FE006B1CB3 /* Project object */;
}
